// !$*UTF8*$!
{
	archiveVersion = 1;
	classes = {
	};
	objectVersion = 46;
	objects = {

/* Begin PBXBuildFile section */
		0A00C77019D462BD00801B4D /* ABInputCell.m in Sources */ = {isa = PBXBuildFile; fileRef = 0A00C76F19D462BD00801B4D /* ABInputCell.m */; };
		0A0209FC19ED86B40075AA69 /* ABSessionManager.m in Sources */ = {isa = PBXBuildFile; fileRef = 0A0209FB19ED86B40075AA69 /* ABSessionManager.m */; };
		0A0238E519EC37D10090A5E4 /* ABStaticCell.m in Sources */ = {isa = PBXBuildFile; fileRef = 0A0238E419EC37D10090A5E4 /* ABStaticCell.m */; };
		0A0E023C19ED54EF0020AA0D /* ABUserStatusViewController.m in Sources */ = {isa = PBXBuildFile; fileRef = 0A0E023B19ED54EF0020AA0D /* ABUserStatusViewController.m */; };
		0A0E023F19ED5BE60020AA0D /* ABAboutViewController.m in Sources */ = {isa = PBXBuildFile; fileRef = 0A0E023E19ED5BE60020AA0D /* ABAboutViewController.m */; };
		0A0E024219ED781A0020AA0D /* ABMessageCell.m in Sources */ = {isa = PBXBuildFile; fileRef = 0A0E024119ED781A0020AA0D /* ABMessageCell.m */; };
		0A0FF7B819C560A7000EFC44 /* ABEngineMessage.m in Sources */ = {isa = PBXBuildFile; fileRef = 0A0FF7B719C560A7000EFC44 /* ABEngineMessage.m */; };
		0A205D1219C3DA3600ED4EED /* ABMainViewController.m in Sources */ = {isa = PBXBuildFile; fileRef = 0A205D1019C3DA3600ED4EED /* ABMainViewController.m */; };
		0A205D2A19C3F37D00ED4EED /* ABEngineStorage.m in Sources */ = {isa = PBXBuildFile; fileRef = 0A205D2919C3F37D00ED4EED /* ABEngineStorage.m */; };
		0A205D2D19C482D600ED4EED /* ABEngineVcard.m in Sources */ = {isa = PBXBuildFile; fileRef = 0A205D2C19C482D600ED4EED /* ABEngineVcard.m */; };
		0A2352A119B72030003BA4A6 /* ABEngineRoster.m in Sources */ = {isa = PBXBuildFile; fileRef = 0A2352A019B72030003BA4A6 /* ABEngineRoster.m */; };
		0A2865CC19B880F400F20312 /* ABEnginePresence.m in Sources */ = {isa = PBXBuildFile; fileRef = 0A2865CB19B880F400F20312 /* ABEnginePresence.m */; };
		0A2865CF19B8E1BD00F20312 /* ABContactInfoViewController.m in Sources */ = {isa = PBXBuildFile; fileRef = 0A2865CE19B8E1BD00F20312 /* ABContactInfoViewController.m */; };
		0A2865D219B8E7B800F20312 /* ABInfoInputCell.m in Sources */ = {isa = PBXBuildFile; fileRef = 0A2865D119B8E7B800F20312 /* ABInfoInputCell.m */; };
		0A2865D519B8E7CA00F20312 /* ABInfoStaticCell.m in Sources */ = {isa = PBXBuildFile; fileRef = 0A2865D419B8E7CA00F20312 /* ABInfoStaticCell.m */; };
		0A2865DB19B8F13200F20312 /* ABUserInfoViewController.m in Sources */ = {isa = PBXBuildFile; fileRef = 0A2865DA19B8F13200F20312 /* ABUserInfoViewController.m */; };
		0A49C92119D58AB300B8CBA5 /* ABMessage.m in Sources */ = {isa = PBXBuildFile; fileRef = 0A49C92019D58AB300B8CBA5 /* ABMessage.m */; };
		0A4F718319D86FAA0041E959 /* auth.c in Sources */ = {isa = PBXBuildFile; fileRef = 0A4F716419D86FAA0041E959 /* auth.c */; };
		0A4F718419D86FAA0041E959 /* conn.c in Sources */ = {isa = PBXBuildFile; fileRef = 0A4F716619D86FAA0041E959 /* conn.c */; };
		0A4F718519D86FAA0041E959 /* ctx.c in Sources */ = {isa = PBXBuildFile; fileRef = 0A4F716719D86FAA0041E959 /* ctx.c */; };
		0A4F718619D86FAA0041E959 /* event.c in Sources */ = {isa = PBXBuildFile; fileRef = 0A4F716819D86FAA0041E959 /* event.c */; };
		0A4F718719D86FAA0041E959 /* handler.c in Sources */ = {isa = PBXBuildFile; fileRef = 0A4F716919D86FAA0041E959 /* handler.c */; };
		0A4F718819D86FAA0041E959 /* hash.c in Sources */ = {isa = PBXBuildFile; fileRef = 0A4F716A19D86FAA0041E959 /* hash.c */; };
		0A4F718919D86FAA0041E959 /* jid.c in Sources */ = {isa = PBXBuildFile; fileRef = 0A4F716C19D86FAA0041E959 /* jid.c */; };
		0A4F718A19D86FAA0041E959 /* md5.c in Sources */ = {isa = PBXBuildFile; fileRef = 0A4F716D19D86FAA0041E959 /* md5.c */; };
		0A4F718B19D86FAA0041E959 /* parser.c in Sources */ = {isa = PBXBuildFile; fileRef = 0A4F717019D86FAA0041E959 /* parser.c */; };
		0A4F718C19D86FAA0041E959 /* sasl.c in Sources */ = {isa = PBXBuildFile; fileRef = 0A4F717219D86FAA0041E959 /* sasl.c */; };
		0A4F718D19D86FAA0041E959 /* scram.c in Sources */ = {isa = PBXBuildFile; fileRef = 0A4F717419D86FAA0041E959 /* scram.c */; };
		0A4F718E19D86FAA0041E959 /* sha1.c in Sources */ = {isa = PBXBuildFile; fileRef = 0A4F717619D86FAA0041E959 /* sha1.c */; };
		0A4F718F19D86FAA0041E959 /* snprintf.c in Sources */ = {isa = PBXBuildFile; fileRef = 0A4F717819D86FAA0041E959 /* snprintf.c */; };
		0A4F719019D86FAA0041E959 /* sock.c in Sources */ = {isa = PBXBuildFile; fileRef = 0A4F717919D86FAA0041E959 /* sock.c */; };
		0A4F719119D86FAA0041E959 /* stanza.c in Sources */ = {isa = PBXBuildFile; fileRef = 0A4F717B19D86FAA0041E959 /* stanza.c */; };
		0A4F719219D86FAA0041E959 /* thread.c in Sources */ = {isa = PBXBuildFile; fileRef = 0A4F717D19D86FAA0041E959 /* thread.c */; };
		0A4F719319D86FAA0041E959 /* tls.c in Sources */ = {isa = PBXBuildFile; fileRef = 0A4F717F19D86FAA0041E959 /* tls.c */; };
		0A4F719419D86FAA0041E959 /* util.c in Sources */ = {isa = PBXBuildFile; fileRef = 0A4F718119D86FAA0041E959 /* util.c */; };
		0A57476819D2E2A30000AFDF /* ABContact.m in Sources */ = {isa = PBXBuildFile; fileRef = 0A57476719D2E2A30000AFDF /* ABContact.m */; };
		0A5BAE701991382E001EF07E /* ABEngine.m in Sources */ = {isa = PBXBuildFile; fileRef = 0A5BAE6F1991382E001EF07E /* ABEngine.m */; };
		0A6E5506199F7A6A004BD577 /* ABChatsViewController.m in Sources */ = {isa = PBXBuildFile; fileRef = 0A6E5505199F7A6A004BD577 /* ABChatsViewController.m */; };
		0A6E5509199F7A85004BD577 /* ABFriendsViewController.m in Sources */ = {isa = PBXBuildFile; fileRef = 0A6E5508199F7A85004BD577 /* ABFriendsViewController.m */; };
		0A6E550F199F7A9F004BD577 /* ABMoreViewController.m in Sources */ = {isa = PBXBuildFile; fileRef = 0A6E550E199F7A9F004BD577 /* ABMoreViewController.m */; };
		0A78E5F019CD256C004A7D6C /* MBProgressHUDExtentions.m in Sources */ = {isa = PBXBuildFile; fileRef = 0A78E5DF19CD256B004A7D6C /* MBProgressHUDExtentions.m */; };
		0A78E5F119CD256C004A7D6C /* TKAlertView.m in Sources */ = {isa = PBXBuildFile; fileRef = 0A78E5E119CD256B004A7D6C /* TKAlertView.m */; };
		0A78E5F219CD256C004A7D6C /* TKNavigationView.m in Sources */ = {isa = PBXBuildFile; fileRef = 0A78E5E319CD256B004A7D6C /* TKNavigationView.m */; };
		0A78E5F319CD256C004A7D6C /* TKRefreshControl.m in Sources */ = {isa = PBXBuildFile; fileRef = 0A78E5E519CD256B004A7D6C /* TKRefreshControl.m */; };
		0A78E5F419CD256C004A7D6C /* TKTableView.m in Sources */ = {isa = PBXBuildFile; fileRef = 0A78E5E719CD256B004A7D6C /* TKTableView.m */; };
		0A78E5F519CD256C004A7D6C /* TKTableViewController.m in Sources */ = {isa = PBXBuildFile; fileRef = 0A78E5E919CD256B004A7D6C /* TKTableViewController.m */; };
		0A78E5F619CD256C004A7D6C /* TKTextField.m in Sources */ = {isa = PBXBuildFile; fileRef = 0A78E5EB19CD256B004A7D6C /* TKTextField.m */; };
		0A78E5F719CD256C004A7D6C /* TKViewController.m in Sources */ = {isa = PBXBuildFile; fileRef = 0A78E5ED19CD256C004A7D6C /* TKViewController.m */; };
		0A78E5F819CD256C004A7D6C /* UITableViewExtentions.m in Sources */ = {isa = PBXBuildFile; fileRef = 0A78E5EF19CD256C004A7D6C /* UITableViewExtentions.m */; };
		0A9594E219A6316F007297B0 /* ABAddContactViewController.m in Sources */ = {isa = PBXBuildFile; fileRef = 0A9594E119A6316F007297B0 /* ABAddContactViewController.m */; };
		0ABA274B19D938FA00559160 /* ABSessionViewController.m in Sources */ = {isa = PBXBuildFile; fileRef = 0ABA274919D938FA00559160 /* ABSessionViewController.m */; };
		23A44CF319A1A05B00EC8301 /* libsqlite3.dylib in Frameworks */ = {isa = PBXBuildFile; fileRef = 23A44CF219A1A05B00EC8301 /* libsqlite3.dylib */; };
		23C4BC54199DB23F006E796C /* QuartzCore.framework in Frameworks */ = {isa = PBXBuildFile; fileRef = 23C4BC53199DB23F006E796C /* QuartzCore.framework */; };
		23C4BC64199DD17E006E796C /* btn_back.png in Resources */ = {isa = PBXBuildFile; fileRef = 23C4BC60199DD17E006E796C /* btn_back.png */; };
		23C4BC65199DD17E006E796C /* btn_back@2x.png in Resources */ = {isa = PBXBuildFile; fileRef = 23C4BC61199DD17E006E796C /* btn_back@2x.png */; };
		23C4BC7B199DD1C8006E796C /* ABSigninViewController.m in Sources */ = {isa = PBXBuildFile; fileRef = 23C4BC78199DD1C8006E796C /* ABSigninViewController.m */; };
		23C4BC82199DD1EF006E796C /* AppDelegate.m in Sources */ = {isa = PBXBuildFile; fileRef = 23C4BC7E199DD1EF006E796C /* AppDelegate.m */; };
		23C4BC84199DD1EF006E796C /* main.m in Sources */ = {isa = PBXBuildFile; fileRef = 23C4BC80199DD1EF006E796C /* main.m */; };
		23C4BC86199DD227006E796C /* Images.xcassets in Resources */ = {isa = PBXBuildFile; fileRef = 23C4BC85199DD227006E796C /* Images.xcassets */; };
		23C4BC8D199DDEDD006E796C /* navbar_bg.png in Resources */ = {isa = PBXBuildFile; fileRef = 23C4BC8B199DDEDD006E796C /* navbar_bg.png */; };
		23C4BC8E199DDEDD006E796C /* navbar_bg@2x.png in Resources */ = {isa = PBXBuildFile; fileRef = 23C4BC8C199DDEDD006E796C /* navbar_bg@2x.png */; };
		23C4BCA3199DE669006E796C /* tab_icon_chats.png in Resources */ = {isa = PBXBuildFile; fileRef = 23C4BC91199DE668006E796C /* tab_icon_chats.png */; };
		23C4BCA4199DE669006E796C /* tab_icon_chats@2x.png in Resources */ = {isa = PBXBuildFile; fileRef = 23C4BC92199DE668006E796C /* tab_icon_chats@2x.png */; };
		23C4BCA7199DE669006E796C /* tab_icon_friends.png in Resources */ = {isa = PBXBuildFile; fileRef = 23C4BC95199DE668006E796C /* tab_icon_friends.png */; };
		23C4BCA8199DE669006E796C /* tab_icon_friends@2x.png in Resources */ = {isa = PBXBuildFile; fileRef = 23C4BC96199DE668006E796C /* tab_icon_friends@2x.png */; };
		23C4BCAB199DE669006E796C /* tab_icon_more.png in Resources */ = {isa = PBXBuildFile; fileRef = 23C4BC99199DE669006E796C /* tab_icon_more.png */; };
		23C4BCAC199DE669006E796C /* tab_icon_more@2x.png in Resources */ = {isa = PBXBuildFile; fileRef = 23C4BC9A199DE669006E796C /* tab_icon_more@2x.png */; };
		23C4BCB1199DE669006E796C /* tabbar_bg.png in Resources */ = {isa = PBXBuildFile; fileRef = 23C4BC9F199DE669006E796C /* tabbar_bg.png */; };
		23C4BCB2199DE669006E796C /* tabbar_bg@2x.png in Resources */ = {isa = PBXBuildFile; fileRef = 23C4BCA0199DE669006E796C /* tabbar_bg@2x.png */; };
		23C4BCB5199DE871006E796C /* default_avatar.png in Resources */ = {isa = PBXBuildFile; fileRef = 23C4BCB3199DE871006E796C /* default_avatar.png */; };
		23C4BCB6199DE871006E796C /* default_avatar@2x.png in Resources */ = {isa = PBXBuildFile; fileRef = 23C4BCB4199DE871006E796C /* default_avatar@2x.png */; };
		23C4BCBB199DF314006E796C /* badge_indicator.png in Resources */ = {isa = PBXBuildFile; fileRef = 23C4BCB9199DF314006E796C /* badge_indicator.png */; };
		23C4BCBC199DF314006E796C /* badge_indicator@2x.png in Resources */ = {isa = PBXBuildFile; fileRef = 23C4BCBA199DF314006E796C /* badge_indicator@2x.png */; };
		23C4BCBF199DF4A1006E796C /* badge_number.png in Resources */ = {isa = PBXBuildFile; fileRef = 23C4BCBD199DF4A1006E796C /* badge_number.png */; };
		23C4BCC0199DF4A1006E796C /* badge_number@2x.png in Resources */ = {isa = PBXBuildFile; fileRef = 23C4BCBE199DF4A1006E796C /* badge_number@2x.png */; };
		23C4BCC3199DF4EE006E796C /* btn_brown.png in Resources */ = {isa = PBXBuildFile; fileRef = 23C4BCC1199DF4EE006E796C /* btn_brown.png */; };
		23C4BCC4199DF4EE006E796C /* btn_brown@2x.png in Resources */ = {isa = PBXBuildFile; fileRef = 23C4BCC2199DF4EE006E796C /* btn_brown@2x.png */; };
		23C4BCC7199DF523006E796C /* inputbar_bg.png in Resources */ = {isa = PBXBuildFile; fileRef = 23C4BCC5199DF523006E796C /* inputbar_bg.png */; };
		23C4BCC8199DF523006E796C /* inputbar_bg@2x.png in Resources */ = {isa = PBXBuildFile; fileRef = 23C4BCC6199DF523006E796C /* inputbar_bg@2x.png */; };
		23C4BCCE199DFA48006E796C /* inputbar_field.png in Resources */ = {isa = PBXBuildFile; fileRef = 23C4BCCC199DFA48006E796C /* inputbar_field.png */; };
		23C4BCCF199DFA48006E796C /* inputbar_field@2x.png in Resources */ = {isa = PBXBuildFile; fileRef = 23C4BCCD199DFA48006E796C /* inputbar_field@2x.png */; };
		23C547281994B4B300B4C0F7 /* ABCommon.m in Sources */ = {isa = PBXBuildFile; fileRef = 23C547271994B4B300B4C0F7 /* ABCommon.m */; };
		23C5473D1994C0E900B4C0F7 /* ABEngineConnection.m in Sources */ = {isa = PBXBuildFile; fileRef = 23C5473C1994C0E900B4C0F7 /* ABEngineConnection.m */; };
		23CB415B19A1EF2A0024120D /* ABContactCell.m in Sources */ = {isa = PBXBuildFile; fileRef = 23CB415A19A1EF2A0024120D /* ABContactCell.m */; };
		23F6C0DA19909596005D2ED7 /* Foundation.framework in Frameworks */ = {isa = PBXBuildFile; fileRef = 23F6C0D919909596005D2ED7 /* Foundation.framework */; };
		23F6C0DE19909596005D2ED7 /* UIKit.framework in Frameworks */ = {isa = PBXBuildFile; fileRef = 23F6C0DD19909596005D2ED7 /* UIKit.framework */; };
		23F6C1A41990A8E0005D2ED7 /* libcrypto.a in Frameworks */ = {isa = PBXBuildFile; fileRef = 23F6C17A1990A8DF005D2ED7 /* libcrypto.a */; };
		23F6C1A51990A8E0005D2ED7 /* libssl.a in Frameworks */ = {isa = PBXBuildFile; fileRef = 23F6C17B1990A8DF005D2ED7 /* libssl.a */; };
		EA9353CCE6D74E15BC8AE20F /* libPods.a in Frameworks */ = {isa = PBXBuildFile; fileRef = B1913D25686C44FE914483C3 /* libPods.a */; };
/* End PBXBuildFile section */

/* Begin PBXFileReference section */
		0A00C76E19D462BD00801B4D /* ABInputCell.h */ = {isa = PBXFileReference; fileEncoding = 4; lastKnownFileType = sourcecode.c.h; path = ABInputCell.h; sourceTree = "<group>"; };
		0A00C76F19D462BD00801B4D /* ABInputCell.m */ = {isa = PBXFileReference; fileEncoding = 4; lastKnownFileType = sourcecode.c.objc; path = ABInputCell.m; sourceTree = "<group>"; };
		0A0209FA19ED86B40075AA69 /* ABSessionManager.h */ = {isa = PBXFileReference; fileEncoding = 4; lastKnownFileType = sourcecode.c.h; path = ABSessionManager.h; sourceTree = "<group>"; };
		0A0209FB19ED86B40075AA69 /* ABSessionManager.m */ = {isa = PBXFileReference; fileEncoding = 4; lastKnownFileType = sourcecode.c.objc; path = ABSessionManager.m; sourceTree = "<group>"; };
		0A0238E319EC37D10090A5E4 /* ABStaticCell.h */ = {isa = PBXFileReference; fileEncoding = 4; lastKnownFileType = sourcecode.c.h; path = ABStaticCell.h; sourceTree = "<group>"; };
		0A0238E419EC37D10090A5E4 /* ABStaticCell.m */ = {isa = PBXFileReference; fileEncoding = 4; lastKnownFileType = sourcecode.c.objc; path = ABStaticCell.m; sourceTree = "<group>"; };
		0A0E023A19ED54EF0020AA0D /* ABUserStatusViewController.h */ = {isa = PBXFileReference; fileEncoding = 4; lastKnownFileType = sourcecode.c.h; path = ABUserStatusViewController.h; sourceTree = "<group>"; };
		0A0E023B19ED54EF0020AA0D /* ABUserStatusViewController.m */ = {isa = PBXFileReference; fileEncoding = 4; lastKnownFileType = sourcecode.c.objc; path = ABUserStatusViewController.m; sourceTree = "<group>"; };
		0A0E023D19ED5BE60020AA0D /* ABAboutViewController.h */ = {isa = PBXFileReference; fileEncoding = 4; lastKnownFileType = sourcecode.c.h; path = ABAboutViewController.h; sourceTree = "<group>"; };
		0A0E023E19ED5BE60020AA0D /* ABAboutViewController.m */ = {isa = PBXFileReference; fileEncoding = 4; lastKnownFileType = sourcecode.c.objc; path = ABAboutViewController.m; sourceTree = "<group>"; };
		0A0E024019ED781A0020AA0D /* ABMessageCell.h */ = {isa = PBXFileReference; fileEncoding = 4; lastKnownFileType = sourcecode.c.h; path = ABMessageCell.h; sourceTree = "<group>"; };
		0A0E024119ED781A0020AA0D /* ABMessageCell.m */ = {isa = PBXFileReference; fileEncoding = 4; lastKnownFileType = sourcecode.c.objc; path = ABMessageCell.m; sourceTree = "<group>"; };
		0A0FF7B619C560A7000EFC44 /* ABEngineMessage.h */ = {isa = PBXFileReference; fileEncoding = 4; lastKnownFileType = sourcecode.c.h; path = ABEngineMessage.h; sourceTree = "<group>"; };
		0A0FF7B719C560A7000EFC44 /* ABEngineMessage.m */ = {isa = PBXFileReference; fileEncoding = 4; lastKnownFileType = sourcecode.c.objc; path = ABEngineMessage.m; sourceTree = "<group>"; };
		0A205D0F19C3DA3600ED4EED /* ABMainViewController.h */ = {isa = PBXFileReference; fileEncoding = 4; lastKnownFileType = sourcecode.c.h; path = ABMainViewController.h; sourceTree = "<group>"; };
		0A205D1019C3DA3600ED4EED /* ABMainViewController.m */ = {isa = PBXFileReference; fileEncoding = 4; lastKnownFileType = sourcecode.c.objc; path = ABMainViewController.m; sourceTree = "<group>"; };
		0A205D2819C3F37D00ED4EED /* ABEngineStorage.h */ = {isa = PBXFileReference; fileEncoding = 4; lastKnownFileType = sourcecode.c.h; path = ABEngineStorage.h; sourceTree = "<group>"; };
		0A205D2919C3F37D00ED4EED /* ABEngineStorage.m */ = {isa = PBXFileReference; fileEncoding = 4; lastKnownFileType = sourcecode.c.objc; path = ABEngineStorage.m; sourceTree = "<group>"; };
		0A205D2B19C482D600ED4EED /* ABEngineVcard.h */ = {isa = PBXFileReference; fileEncoding = 4; lastKnownFileType = sourcecode.c.h; path = ABEngineVcard.h; sourceTree = "<group>"; };
		0A205D2C19C482D600ED4EED /* ABEngineVcard.m */ = {isa = PBXFileReference; fileEncoding = 4; lastKnownFileType = sourcecode.c.objc; path = ABEngineVcard.m; sourceTree = "<group>"; };
		0A23529F19B72030003BA4A6 /* ABEngineRoster.h */ = {isa = PBXFileReference; fileEncoding = 4; lastKnownFileType = sourcecode.c.h; path = ABEngineRoster.h; sourceTree = "<group>"; };
		0A2352A019B72030003BA4A6 /* ABEngineRoster.m */ = {isa = PBXFileReference; fileEncoding = 4; lastKnownFileType = sourcecode.c.objc; path = ABEngineRoster.m; sourceTree = "<group>"; };
		0A2865CA19B880F400F20312 /* ABEnginePresence.h */ = {isa = PBXFileReference; fileEncoding = 4; lastKnownFileType = sourcecode.c.h; path = ABEnginePresence.h; sourceTree = "<group>"; };
		0A2865CB19B880F400F20312 /* ABEnginePresence.m */ = {isa = PBXFileReference; fileEncoding = 4; lastKnownFileType = sourcecode.c.objc; path = ABEnginePresence.m; sourceTree = "<group>"; };
		0A2865CD19B8E1BD00F20312 /* ABContactInfoViewController.h */ = {isa = PBXFileReference; fileEncoding = 4; lastKnownFileType = sourcecode.c.h; path = ABContactInfoViewController.h; sourceTree = "<group>"; };
		0A2865CE19B8E1BD00F20312 /* ABContactInfoViewController.m */ = {isa = PBXFileReference; fileEncoding = 4; lastKnownFileType = sourcecode.c.objc; path = ABContactInfoViewController.m; sourceTree = "<group>"; };
		0A2865D019B8E7B800F20312 /* ABInfoInputCell.h */ = {isa = PBXFileReference; fileEncoding = 4; lastKnownFileType = sourcecode.c.h; path = ABInfoInputCell.h; sourceTree = "<group>"; };
		0A2865D119B8E7B800F20312 /* ABInfoInputCell.m */ = {isa = PBXFileReference; fileEncoding = 4; lastKnownFileType = sourcecode.c.objc; path = ABInfoInputCell.m; sourceTree = "<group>"; };
		0A2865D319B8E7CA00F20312 /* ABInfoStaticCell.h */ = {isa = PBXFileReference; fileEncoding = 4; lastKnownFileType = sourcecode.c.h; path = ABInfoStaticCell.h; sourceTree = "<group>"; };
		0A2865D419B8E7CA00F20312 /* ABInfoStaticCell.m */ = {isa = PBXFileReference; fileEncoding = 4; lastKnownFileType = sourcecode.c.objc; path = ABInfoStaticCell.m; sourceTree = "<group>"; };
		0A2865D919B8F13200F20312 /* ABUserInfoViewController.h */ = {isa = PBXFileReference; fileEncoding = 4; lastKnownFileType = sourcecode.c.h; path = ABUserInfoViewController.h; sourceTree = "<group>"; };
		0A2865DA19B8F13200F20312 /* ABUserInfoViewController.m */ = {isa = PBXFileReference; fileEncoding = 4; lastKnownFileType = sourcecode.c.objc; path = ABUserInfoViewController.m; sourceTree = "<group>"; };
		0A49C91F19D58AB300B8CBA5 /* ABMessage.h */ = {isa = PBXFileReference; fileEncoding = 4; lastKnownFileType = sourcecode.c.h; path = ABMessage.h; sourceTree = "<group>"; };
		0A49C92019D58AB300B8CBA5 /* ABMessage.m */ = {isa = PBXFileReference; fileEncoding = 4; lastKnownFileType = sourcecode.c.objc; path = ABMessage.m; sourceTree = "<group>"; };
		0A4F716419D86FAA0041E959 /* auth.c */ = {isa = PBXFileReference; fileEncoding = 4; lastKnownFileType = sourcecode.c.c; path = auth.c; sourceTree = "<group>"; };
		0A4F716519D86FAA0041E959 /* common.h */ = {isa = PBXFileReference; fileEncoding = 4; lastKnownFileType = sourcecode.c.h; path = common.h; sourceTree = "<group>"; };
		0A4F716619D86FAA0041E959 /* conn.c */ = {isa = PBXFileReference; fileEncoding = 4; lastKnownFileType = sourcecode.c.c; path = conn.c; sourceTree = "<group>"; };
		0A4F716719D86FAA0041E959 /* ctx.c */ = {isa = PBXFileReference; fileEncoding = 4; lastKnownFileType = sourcecode.c.c; path = ctx.c; sourceTree = "<group>"; };
		0A4F716819D86FAA0041E959 /* event.c */ = {isa = PBXFileReference; fileEncoding = 4; lastKnownFileType = sourcecode.c.c; path = event.c; sourceTree = "<group>"; };
		0A4F716919D86FAA0041E959 /* handler.c */ = {isa = PBXFileReference; fileEncoding = 4; lastKnownFileType = sourcecode.c.c; path = handler.c; sourceTree = "<group>"; };
		0A4F716A19D86FAA0041E959 /* hash.c */ = {isa = PBXFileReference; fileEncoding = 4; lastKnownFileType = sourcecode.c.c; path = hash.c; sourceTree = "<group>"; };
		0A4F716B19D86FAA0041E959 /* hash.h */ = {isa = PBXFileReference; fileEncoding = 4; lastKnownFileType = sourcecode.c.h; path = hash.h; sourceTree = "<group>"; };
		0A4F716C19D86FAA0041E959 /* jid.c */ = {isa = PBXFileReference; fileEncoding = 4; lastKnownFileType = sourcecode.c.c; path = jid.c; sourceTree = "<group>"; };
		0A4F716D19D86FAA0041E959 /* md5.c */ = {isa = PBXFileReference; fileEncoding = 4; lastKnownFileType = sourcecode.c.c; path = md5.c; sourceTree = "<group>"; };
		0A4F716E19D86FAA0041E959 /* md5.h */ = {isa = PBXFileReference; fileEncoding = 4; lastKnownFileType = sourcecode.c.h; path = md5.h; sourceTree = "<group>"; };
		0A4F716F19D86FAA0041E959 /* ostypes.h */ = {isa = PBXFileReference; fileEncoding = 4; lastKnownFileType = sourcecode.c.h; path = ostypes.h; sourceTree = "<group>"; };
		0A4F717019D86FAA0041E959 /* parser.c */ = {isa = PBXFileReference; fileEncoding = 4; lastKnownFileType = sourcecode.c.c; path = parser.c; sourceTree = "<group>"; };
		0A4F717119D86FAA0041E959 /* parser.h */ = {isa = PBXFileReference; fileEncoding = 4; lastKnownFileType = sourcecode.c.h; path = parser.h; sourceTree = "<group>"; };
		0A4F717219D86FAA0041E959 /* sasl.c */ = {isa = PBXFileReference; fileEncoding = 4; lastKnownFileType = sourcecode.c.c; path = sasl.c; sourceTree = "<group>"; };
		0A4F717319D86FAA0041E959 /* sasl.h */ = {isa = PBXFileReference; fileEncoding = 4; lastKnownFileType = sourcecode.c.h; path = sasl.h; sourceTree = "<group>"; };
		0A4F717419D86FAA0041E959 /* scram.c */ = {isa = PBXFileReference; fileEncoding = 4; lastKnownFileType = sourcecode.c.c; path = scram.c; sourceTree = "<group>"; };
		0A4F717519D86FAA0041E959 /* scram.h */ = {isa = PBXFileReference; fileEncoding = 4; lastKnownFileType = sourcecode.c.h; path = scram.h; sourceTree = "<group>"; };
		0A4F717619D86FAA0041E959 /* sha1.c */ = {isa = PBXFileReference; fileEncoding = 4; lastKnownFileType = sourcecode.c.c; path = sha1.c; sourceTree = "<group>"; };
		0A4F717719D86FAA0041E959 /* sha1.h */ = {isa = PBXFileReference; fileEncoding = 4; lastKnownFileType = sourcecode.c.h; path = sha1.h; sourceTree = "<group>"; };
		0A4F717819D86FAA0041E959 /* snprintf.c */ = {isa = PBXFileReference; fileEncoding = 4; lastKnownFileType = sourcecode.c.c; path = snprintf.c; sourceTree = "<group>"; };
		0A4F717919D86FAA0041E959 /* sock.c */ = {isa = PBXFileReference; fileEncoding = 4; lastKnownFileType = sourcecode.c.c; path = sock.c; sourceTree = "<group>"; };
		0A4F717A19D86FAA0041E959 /* sock.h */ = {isa = PBXFileReference; fileEncoding = 4; lastKnownFileType = sourcecode.c.h; path = sock.h; sourceTree = "<group>"; };
		0A4F717B19D86FAA0041E959 /* stanza.c */ = {isa = PBXFileReference; fileEncoding = 4; lastKnownFileType = sourcecode.c.c; path = stanza.c; sourceTree = "<group>"; };
		0A4F717C19D86FAA0041E959 /* strophe.h */ = {isa = PBXFileReference; fileEncoding = 4; lastKnownFileType = sourcecode.c.h; path = strophe.h; sourceTree = "<group>"; };
		0A4F717D19D86FAA0041E959 /* thread.c */ = {isa = PBXFileReference; fileEncoding = 4; lastKnownFileType = sourcecode.c.c; path = thread.c; sourceTree = "<group>"; };
		0A4F717E19D86FAA0041E959 /* thread.h */ = {isa = PBXFileReference; fileEncoding = 4; lastKnownFileType = sourcecode.c.h; path = thread.h; sourceTree = "<group>"; };
		0A4F717F19D86FAA0041E959 /* tls.c */ = {isa = PBXFileReference; fileEncoding = 4; lastKnownFileType = sourcecode.c.c; path = tls.c; sourceTree = "<group>"; };
		0A4F718019D86FAA0041E959 /* tls.h */ = {isa = PBXFileReference; fileEncoding = 4; lastKnownFileType = sourcecode.c.h; path = tls.h; sourceTree = "<group>"; };
		0A4F718119D86FAA0041E959 /* util.c */ = {isa = PBXFileReference; fileEncoding = 4; lastKnownFileType = sourcecode.c.c; path = util.c; sourceTree = "<group>"; };
		0A4F718219D86FAA0041E959 /* util.h */ = {isa = PBXFileReference; fileEncoding = 4; lastKnownFileType = sourcecode.c.h; path = util.h; sourceTree = "<group>"; };
		0A57476619D2E2A30000AFDF /* ABContact.h */ = {isa = PBXFileReference; fileEncoding = 4; lastKnownFileType = sourcecode.c.h; path = ABContact.h; sourceTree = "<group>"; };
		0A57476719D2E2A30000AFDF /* ABContact.m */ = {isa = PBXFileReference; fileEncoding = 4; lastKnownFileType = sourcecode.c.objc; path = ABContact.m; sourceTree = "<group>"; };
		0A5BAE6E1991382E001EF07E /* ABEngine.h */ = {isa = PBXFileReference; fileEncoding = 4; lastKnownFileType = sourcecode.c.h; path = ABEngine.h; sourceTree = "<group>"; };
		0A5BAE6F1991382E001EF07E /* ABEngine.m */ = {isa = PBXFileReference; fileEncoding = 4; lastKnownFileType = sourcecode.c.objc; path = ABEngine.m; sourceTree = "<group>"; };
		0A6E5504199F7A6A004BD577 /* ABChatsViewController.h */ = {isa = PBXFileReference; fileEncoding = 4; lastKnownFileType = sourcecode.c.h; path = ABChatsViewController.h; sourceTree = "<group>"; };
		0A6E5505199F7A6A004BD577 /* ABChatsViewController.m */ = {isa = PBXFileReference; fileEncoding = 4; lastKnownFileType = sourcecode.c.objc; path = ABChatsViewController.m; sourceTree = "<group>"; };
		0A6E5507199F7A85004BD577 /* ABFriendsViewController.h */ = {isa = PBXFileReference; fileEncoding = 4; lastKnownFileType = sourcecode.c.h; path = ABFriendsViewController.h; sourceTree = "<group>"; };
		0A6E5508199F7A85004BD577 /* ABFriendsViewController.m */ = {isa = PBXFileReference; fileEncoding = 4; lastKnownFileType = sourcecode.c.objc; path = ABFriendsViewController.m; sourceTree = "<group>"; };
		0A6E550D199F7A9F004BD577 /* ABMoreViewController.h */ = {isa = PBXFileReference; fileEncoding = 4; lastKnownFileType = sourcecode.c.h; path = ABMoreViewController.h; sourceTree = "<group>"; };
		0A6E550E199F7A9F004BD577 /* ABMoreViewController.m */ = {isa = PBXFileReference; fileEncoding = 4; lastKnownFileType = sourcecode.c.objc; path = ABMoreViewController.m; sourceTree = "<group>"; };
		0A78E5DE19CD256B004A7D6C /* MBProgressHUDExtentions.h */ = {isa = PBXFileReference; fileEncoding = 4; lastKnownFileType = sourcecode.c.h; path = MBProgressHUDExtentions.h; sourceTree = "<group>"; };
		0A78E5DF19CD256B004A7D6C /* MBProgressHUDExtentions.m */ = {isa = PBXFileReference; fileEncoding = 4; lastKnownFileType = sourcecode.c.objc; path = MBProgressHUDExtentions.m; sourceTree = "<group>"; };
		0A78E5E019CD256B004A7D6C /* TKAlertView.h */ = {isa = PBXFileReference; fileEncoding = 4; lastKnownFileType = sourcecode.c.h; path = TKAlertView.h; sourceTree = "<group>"; };
		0A78E5E119CD256B004A7D6C /* TKAlertView.m */ = {isa = PBXFileReference; fileEncoding = 4; lastKnownFileType = sourcecode.c.objc; path = TKAlertView.m; sourceTree = "<group>"; };
		0A78E5E219CD256B004A7D6C /* TKNavigationView.h */ = {isa = PBXFileReference; fileEncoding = 4; lastKnownFileType = sourcecode.c.h; path = TKNavigationView.h; sourceTree = "<group>"; };
		0A78E5E319CD256B004A7D6C /* TKNavigationView.m */ = {isa = PBXFileReference; fileEncoding = 4; lastKnownFileType = sourcecode.c.objc; path = TKNavigationView.m; sourceTree = "<group>"; };
		0A78E5E419CD256B004A7D6C /* TKRefreshControl.h */ = {isa = PBXFileReference; fileEncoding = 4; lastKnownFileType = sourcecode.c.h; path = TKRefreshControl.h; sourceTree = "<group>"; };
		0A78E5E519CD256B004A7D6C /* TKRefreshControl.m */ = {isa = PBXFileReference; fileEncoding = 4; lastKnownFileType = sourcecode.c.objc; path = TKRefreshControl.m; sourceTree = "<group>"; };
		0A78E5E619CD256B004A7D6C /* TKTableView.h */ = {isa = PBXFileReference; fileEncoding = 4; lastKnownFileType = sourcecode.c.h; path = TKTableView.h; sourceTree = "<group>"; };
		0A78E5E719CD256B004A7D6C /* TKTableView.m */ = {isa = PBXFileReference; fileEncoding = 4; lastKnownFileType = sourcecode.c.objc; path = TKTableView.m; sourceTree = "<group>"; };
		0A78E5E819CD256B004A7D6C /* TKTableViewController.h */ = {isa = PBXFileReference; fileEncoding = 4; lastKnownFileType = sourcecode.c.h; path = TKTableViewController.h; sourceTree = "<group>"; };
		0A78E5E919CD256B004A7D6C /* TKTableViewController.m */ = {isa = PBXFileReference; fileEncoding = 4; lastKnownFileType = sourcecode.c.objc; path = TKTableViewController.m; sourceTree = "<group>"; };
		0A78E5EA19CD256B004A7D6C /* TKTextField.h */ = {isa = PBXFileReference; fileEncoding = 4; lastKnownFileType = sourcecode.c.h; path = TKTextField.h; sourceTree = "<group>"; };
		0A78E5EB19CD256B004A7D6C /* TKTextField.m */ = {isa = PBXFileReference; fileEncoding = 4; lastKnownFileType = sourcecode.c.objc; path = TKTextField.m; sourceTree = "<group>"; };
		0A78E5EC19CD256C004A7D6C /* TKViewController.h */ = {isa = PBXFileReference; fileEncoding = 4; lastKnownFileType = sourcecode.c.h; path = TKViewController.h; sourceTree = "<group>"; };
		0A78E5ED19CD256C004A7D6C /* TKViewController.m */ = {isa = PBXFileReference; fileEncoding = 4; lastKnownFileType = sourcecode.c.objc; path = TKViewController.m; sourceTree = "<group>"; };
		0A78E5EE19CD256C004A7D6C /* UITableViewExtentions.h */ = {isa = PBXFileReference; fileEncoding = 4; lastKnownFileType = sourcecode.c.h; path = UITableViewExtentions.h; sourceTree = "<group>"; };
		0A78E5EF19CD256C004A7D6C /* UITableViewExtentions.m */ = {isa = PBXFileReference; fileEncoding = 4; lastKnownFileType = sourcecode.c.objc; path = UITableViewExtentions.m; sourceTree = "<group>"; };
		0A78E5FE19CD2625004A7D6C /* ABCommon.h */ = {isa = PBXFileReference; lastKnownFileType = sourcecode.c.h; path = ABCommon.h; sourceTree = "<group>"; };
		0A9594E019A6316F007297B0 /* ABAddContactViewController.h */ = {isa = PBXFileReference; fileEncoding = 4; lastKnownFileType = sourcecode.c.h; path = ABAddContactViewController.h; sourceTree = "<group>"; };
		0A9594E119A6316F007297B0 /* ABAddContactViewController.m */ = {isa = PBXFileReference; fileEncoding = 4; lastKnownFileType = sourcecode.c.objc; path = ABAddContactViewController.m; sourceTree = "<group>"; };
		0ABA274819D938FA00559160 /* ABSessionViewController.h */ = {isa = PBXFileReference; fileEncoding = 4; lastKnownFileType = sourcecode.c.h; path = ABSessionViewController.h; sourceTree = "<group>"; };
		0ABA274919D938FA00559160 /* ABSessionViewController.m */ = {isa = PBXFileReference; fileEncoding = 4; lastKnownFileType = sourcecode.c.objc; path = ABSessionViewController.m; sourceTree = "<group>"; };
		23A44CF219A1A05B00EC8301 /* libsqlite3.dylib */ = {isa = PBXFileReference; lastKnownFileType = "compiled.mach-o.dylib"; name = libsqlite3.dylib; path = usr/lib/libsqlite3.dylib; sourceTree = SDKROOT; };
		23C4BC53199DB23F006E796C /* QuartzCore.framework */ = {isa = PBXFileReference; lastKnownFileType = wrapper.framework; name = QuartzCore.framework; path = System/Library/Frameworks/QuartzCore.framework; sourceTree = SDKROOT; };
		23C4BC55199DB2B8006E796C /* CoreGraphics.framework */ = {isa = PBXFileReference; lastKnownFileType = wrapper.framework; name = CoreGraphics.framework; path = System/Library/Frameworks/CoreGraphics.framework; sourceTree = SDKROOT; };
		23C4BC60199DD17E006E796C /* btn_back.png */ = {isa = PBXFileReference; lastKnownFileType = image.png; path = btn_back.png; sourceTree = "<group>"; };
		23C4BC61199DD17E006E796C /* btn_back@2x.png */ = {isa = PBXFileReference; lastKnownFileType = image.png; path = "btn_back@2x.png"; sourceTree = "<group>"; };
		23C4BC77199DD1C8006E796C /* ABSigninViewController.h */ = {isa = PBXFileReference; fileEncoding = 4; lastKnownFileType = sourcecode.c.h; path = ABSigninViewController.h; sourceTree = "<group>"; };
		23C4BC78199DD1C8006E796C /* ABSigninViewController.m */ = {isa = PBXFileReference; fileEncoding = 4; lastKnownFileType = sourcecode.c.objc; path = ABSigninViewController.m; sourceTree = "<group>"; };
		23C4BC7D199DD1EF006E796C /* AppDelegate.h */ = {isa = PBXFileReference; fileEncoding = 4; lastKnownFileType = sourcecode.c.h; path = AppDelegate.h; sourceTree = "<group>"; };
		23C4BC7E199DD1EF006E796C /* AppDelegate.m */ = {isa = PBXFileReference; fileEncoding = 4; lastKnownFileType = sourcecode.c.objc; path = AppDelegate.m; sourceTree = "<group>"; };
		23C4BC7F199DD1EF006E796C /* Info.plist */ = {isa = PBXFileReference; fileEncoding = 4; lastKnownFileType = text.plist.xml; path = Info.plist; sourceTree = "<group>"; };
		23C4BC80199DD1EF006E796C /* main.m */ = {isa = PBXFileReference; fileEncoding = 4; lastKnownFileType = sourcecode.c.objc; path = main.m; sourceTree = "<group>"; };
		23C4BC81199DD1EF006E796C /* Prefix.pch */ = {isa = PBXFileReference; fileEncoding = 4; lastKnownFileType = sourcecode.c.h; path = Prefix.pch; sourceTree = "<group>"; };
		23C4BC85199DD227006E796C /* Images.xcassets */ = {isa = PBXFileReference; lastKnownFileType = folder.assetcatalog; path = Images.xcassets; sourceTree = "<group>"; };
		23C4BC8B199DDEDD006E796C /* navbar_bg.png */ = {isa = PBXFileReference; lastKnownFileType = image.png; path = navbar_bg.png; sourceTree = "<group>"; };
		23C4BC8C199DDEDD006E796C /* navbar_bg@2x.png */ = {isa = PBXFileReference; lastKnownFileType = image.png; path = "navbar_bg@2x.png"; sourceTree = "<group>"; };
		23C4BC91199DE668006E796C /* tab_icon_chats.png */ = {isa = PBXFileReference; lastKnownFileType = image.png; path = tab_icon_chats.png; sourceTree = "<group>"; };
		23C4BC92199DE668006E796C /* tab_icon_chats@2x.png */ = {isa = PBXFileReference; lastKnownFileType = image.png; path = "tab_icon_chats@2x.png"; sourceTree = "<group>"; };
		23C4BC95199DE668006E796C /* tab_icon_friends.png */ = {isa = PBXFileReference; lastKnownFileType = image.png; path = tab_icon_friends.png; sourceTree = "<group>"; };
		23C4BC96199DE668006E796C /* tab_icon_friends@2x.png */ = {isa = PBXFileReference; lastKnownFileType = image.png; path = "tab_icon_friends@2x.png"; sourceTree = "<group>"; };
		23C4BC99199DE669006E796C /* tab_icon_more.png */ = {isa = PBXFileReference; lastKnownFileType = image.png; path = tab_icon_more.png; sourceTree = "<group>"; };
		23C4BC9A199DE669006E796C /* tab_icon_more@2x.png */ = {isa = PBXFileReference; lastKnownFileType = image.png; path = "tab_icon_more@2x.png"; sourceTree = "<group>"; };
		23C4BC9F199DE669006E796C /* tabbar_bg.png */ = {isa = PBXFileReference; lastKnownFileType = image.png; path = tabbar_bg.png; sourceTree = "<group>"; };
		23C4BCA0199DE669006E796C /* tabbar_bg@2x.png */ = {isa = PBXFileReference; lastKnownFileType = image.png; path = "tabbar_bg@2x.png"; sourceTree = "<group>"; };
		23C4BCB3199DE871006E796C /* default_avatar.png */ = {isa = PBXFileReference; lastKnownFileType = image.png; path = default_avatar.png; sourceTree = "<group>"; };
		23C4BCB4199DE871006E796C /* default_avatar@2x.png */ = {isa = PBXFileReference; lastKnownFileType = image.png; path = "default_avatar@2x.png"; sourceTree = "<group>"; };
		23C4BCB9199DF314006E796C /* badge_indicator.png */ = {isa = PBXFileReference; lastKnownFileType = image.png; path = badge_indicator.png; sourceTree = "<group>"; };
		23C4BCBA199DF314006E796C /* badge_indicator@2x.png */ = {isa = PBXFileReference; lastKnownFileType = image.png; path = "badge_indicator@2x.png"; sourceTree = "<group>"; };
		23C4BCBD199DF4A1006E796C /* badge_number.png */ = {isa = PBXFileReference; lastKnownFileType = image.png; path = badge_number.png; sourceTree = "<group>"; };
		23C4BCBE199DF4A1006E796C /* badge_number@2x.png */ = {isa = PBXFileReference; lastKnownFileType = image.png; path = "badge_number@2x.png"; sourceTree = "<group>"; };
		23C4BCC1199DF4EE006E796C /* btn_brown.png */ = {isa = PBXFileReference; lastKnownFileType = image.png; path = btn_brown.png; sourceTree = "<group>"; };
		23C4BCC2199DF4EE006E796C /* btn_brown@2x.png */ = {isa = PBXFileReference; lastKnownFileType = image.png; path = "btn_brown@2x.png"; sourceTree = "<group>"; };
		23C4BCC5199DF523006E796C /* inputbar_bg.png */ = {isa = PBXFileReference; lastKnownFileType = image.png; path = inputbar_bg.png; sourceTree = "<group>"; };
		23C4BCC6199DF523006E796C /* inputbar_bg@2x.png */ = {isa = PBXFileReference; lastKnownFileType = image.png; path = "inputbar_bg@2x.png"; sourceTree = "<group>"; };
		23C4BCCC199DFA48006E796C /* inputbar_field.png */ = {isa = PBXFileReference; lastKnownFileType = image.png; path = inputbar_field.png; sourceTree = "<group>"; };
		23C4BCCD199DFA48006E796C /* inputbar_field@2x.png */ = {isa = PBXFileReference; lastKnownFileType = image.png; path = "inputbar_field@2x.png"; sourceTree = "<group>"; };
		23C547261994B4B300B4C0F7 /* ABCommon.h */ = {isa = PBXFileReference; fileEncoding = 4; lastKnownFileType = sourcecode.c.h; path = ABCommon.h; sourceTree = "<group>"; };
		23C547271994B4B300B4C0F7 /* ABCommon.m */ = {isa = PBXFileReference; fileEncoding = 4; lastKnownFileType = sourcecode.c.objc; path = ABCommon.m; sourceTree = "<group>"; };
		23C547381994BFF300B4C0F7 /* abber.h */ = {isa = PBXFileReference; fileEncoding = 4; lastKnownFileType = sourcecode.c.h; path = abber.h; sourceTree = "<group>"; };
		23C5473B1994C0E900B4C0F7 /* ABEngineConnection.h */ = {isa = PBXFileReference; fileEncoding = 4; lastKnownFileType = sourcecode.c.h; path = ABEngineConnection.h; sourceTree = "<group>"; };
		23C5473C1994C0E900B4C0F7 /* ABEngineConnection.m */ = {isa = PBXFileReference; fileEncoding = 4; lastKnownFileType = sourcecode.c.objc; path = ABEngineConnection.m; sourceTree = "<group>"; };
		23CB415919A1EF2A0024120D /* ABContactCell.h */ = {isa = PBXFileReference; fileEncoding = 4; lastKnownFileType = sourcecode.c.h; path = ABContactCell.h; sourceTree = "<group>"; };
		23CB415A19A1EF2A0024120D /* ABContactCell.m */ = {isa = PBXFileReference; fileEncoding = 4; lastKnownFileType = sourcecode.c.objc; path = ABContactCell.m; sourceTree = "<group>"; };
		23F6C0D619909596005D2ED7 /* AbberDemo.app */ = {isa = PBXFileReference; explicitFileType = wrapper.application; includeInIndex = 0; path = AbberDemo.app; sourceTree = BUILT_PRODUCTS_DIR; };
		23F6C0D919909596005D2ED7 /* Foundation.framework */ = {isa = PBXFileReference; lastKnownFileType = wrapper.framework; name = Foundation.framework; path = System/Library/Frameworks/Foundation.framework; sourceTree = SDKROOT; };
		23F6C0DD19909596005D2ED7 /* UIKit.framework */ = {isa = PBXFileReference; lastKnownFileType = wrapper.framework; name = UIKit.framework; path = System/Library/Frameworks/UIKit.framework; sourceTree = SDKROOT; };
		23F6C1571990A8DF005D2ED7 /* aes.h */ = {isa = PBXFileReference; fileEncoding = 4; lastKnownFileType = sourcecode.c.h; path = aes.h; sourceTree = "<group>"; };
		23F6C1581990A8DF005D2ED7 /* asn1.h */ = {isa = PBXFileReference; fileEncoding = 4; lastKnownFileType = sourcecode.c.h; path = asn1.h; sourceTree = "<group>"; };
		23F6C1591990A8DF005D2ED7 /* asn1_mac.h */ = {isa = PBXFileReference; fileEncoding = 4; lastKnownFileType = sourcecode.c.h; path = asn1_mac.h; sourceTree = "<group>"; };
		23F6C15A1990A8DF005D2ED7 /* asn1t.h */ = {isa = PBXFileReference; fileEncoding = 4; lastKnownFileType = sourcecode.c.h; path = asn1t.h; sourceTree = "<group>"; };
		23F6C15B1990A8DF005D2ED7 /* bio.h */ = {isa = PBXFileReference; fileEncoding = 4; lastKnownFileType = sourcecode.c.h; path = bio.h; sourceTree = "<group>"; };
		23F6C15C1990A8DF005D2ED7 /* blowfish.h */ = {isa = PBXFileReference; fileEncoding = 4; lastKnownFileType = sourcecode.c.h; path = blowfish.h; sourceTree = "<group>"; };
		23F6C15D1990A8DF005D2ED7 /* bn.h */ = {isa = PBXFileReference; fileEncoding = 4; lastKnownFileType = sourcecode.c.h; path = bn.h; sourceTree = "<group>"; };
		23F6C15E1990A8DF005D2ED7 /* buffer.h */ = {isa = PBXFileReference; fileEncoding = 4; lastKnownFileType = sourcecode.c.h; path = buffer.h; sourceTree = "<group>"; };
		23F6C15F1990A8DF005D2ED7 /* camellia.h */ = {isa = PBXFileReference; fileEncoding = 4; lastKnownFileType = sourcecode.c.h; path = camellia.h; sourceTree = "<group>"; };
		23F6C1601990A8DF005D2ED7 /* cast.h */ = {isa = PBXFileReference; fileEncoding = 4; lastKnownFileType = sourcecode.c.h; path = cast.h; sourceTree = "<group>"; };
		23F6C1611990A8DF005D2ED7 /* cmac.h */ = {isa = PBXFileReference; fileEncoding = 4; lastKnownFileType = sourcecode.c.h; path = cmac.h; sourceTree = "<group>"; };
		23F6C1621990A8DF005D2ED7 /* cms.h */ = {isa = PBXFileReference; fileEncoding = 4; lastKnownFileType = sourcecode.c.h; path = cms.h; sourceTree = "<group>"; };
		23F6C1631990A8DF005D2ED7 /* comp.h */ = {isa = PBXFileReference; fileEncoding = 4; lastKnownFileType = sourcecode.c.h; path = comp.h; sourceTree = "<group>"; };
		23F6C1641990A8DF005D2ED7 /* conf.h */ = {isa = PBXFileReference; fileEncoding = 4; lastKnownFileType = sourcecode.c.h; path = conf.h; sourceTree = "<group>"; };
		23F6C1651990A8DF005D2ED7 /* conf_api.h */ = {isa = PBXFileReference; fileEncoding = 4; lastKnownFileType = sourcecode.c.h; path = conf_api.h; sourceTree = "<group>"; };
		23F6C1661990A8DF005D2ED7 /* crypto.h */ = {isa = PBXFileReference; fileEncoding = 4; lastKnownFileType = sourcecode.c.h; path = crypto.h; sourceTree = "<group>"; };
		23F6C1671990A8DF005D2ED7 /* des.h */ = {isa = PBXFileReference; fileEncoding = 4; lastKnownFileType = sourcecode.c.h; path = des.h; sourceTree = "<group>"; };
		23F6C1681990A8DF005D2ED7 /* des_old.h */ = {isa = PBXFileReference; fileEncoding = 4; lastKnownFileType = sourcecode.c.h; path = des_old.h; sourceTree = "<group>"; };
		23F6C1691990A8DF005D2ED7 /* dh.h */ = {isa = PBXFileReference; fileEncoding = 4; lastKnownFileType = sourcecode.c.h; path = dh.h; sourceTree = "<group>"; };
		23F6C16A1990A8DF005D2ED7 /* dsa.h */ = {isa = PBXFileReference; fileEncoding = 4; lastKnownFileType = sourcecode.c.h; path = dsa.h; sourceTree = "<group>"; };
		23F6C16B1990A8DF005D2ED7 /* dso.h */ = {isa = PBXFileReference; fileEncoding = 4; lastKnownFileType = sourcecode.c.h; path = dso.h; sourceTree = "<group>"; };
		23F6C16C1990A8DF005D2ED7 /* dtls1.h */ = {isa = PBXFileReference; fileEncoding = 4; lastKnownFileType = sourcecode.c.h; path = dtls1.h; sourceTree = "<group>"; };
		23F6C16D1990A8DF005D2ED7 /* e_os2.h */ = {isa = PBXFileReference; fileEncoding = 4; lastKnownFileType = sourcecode.c.h; path = e_os2.h; sourceTree = "<group>"; };
		23F6C16E1990A8DF005D2ED7 /* ebcdic.h */ = {isa = PBXFileReference; fileEncoding = 4; lastKnownFileType = sourcecode.c.h; path = ebcdic.h; sourceTree = "<group>"; };
		23F6C16F1990A8DF005D2ED7 /* ec.h */ = {isa = PBXFileReference; fileEncoding = 4; lastKnownFileType = sourcecode.c.h; path = ec.h; sourceTree = "<group>"; };
		23F6C1701990A8DF005D2ED7 /* ecdh.h */ = {isa = PBXFileReference; fileEncoding = 4; lastKnownFileType = sourcecode.c.h; path = ecdh.h; sourceTree = "<group>"; };
		23F6C1711990A8DF005D2ED7 /* ecdsa.h */ = {isa = PBXFileReference; fileEncoding = 4; lastKnownFileType = sourcecode.c.h; path = ecdsa.h; sourceTree = "<group>"; };
		23F6C1721990A8DF005D2ED7 /* engine.h */ = {isa = PBXFileReference; fileEncoding = 4; lastKnownFileType = sourcecode.c.h; path = engine.h; sourceTree = "<group>"; };
		23F6C1731990A8DF005D2ED7 /* err.h */ = {isa = PBXFileReference; fileEncoding = 4; lastKnownFileType = sourcecode.c.h; path = err.h; sourceTree = "<group>"; };
		23F6C1741990A8DF005D2ED7 /* evp.h */ = {isa = PBXFileReference; fileEncoding = 4; lastKnownFileType = sourcecode.c.h; path = evp.h; sourceTree = "<group>"; };
		23F6C1751990A8DF005D2ED7 /* hmac.h */ = {isa = PBXFileReference; fileEncoding = 4; lastKnownFileType = sourcecode.c.h; path = hmac.h; sourceTree = "<group>"; };
		23F6C1761990A8DF005D2ED7 /* idea.h */ = {isa = PBXFileReference; fileEncoding = 4; lastKnownFileType = sourcecode.c.h; path = idea.h; sourceTree = "<group>"; };
		23F6C1771990A8DF005D2ED7 /* krb5_asn.h */ = {isa = PBXFileReference; fileEncoding = 4; lastKnownFileType = sourcecode.c.h; path = krb5_asn.h; sourceTree = "<group>"; };
		23F6C1781990A8DF005D2ED7 /* kssl.h */ = {isa = PBXFileReference; fileEncoding = 4; lastKnownFileType = sourcecode.c.h; path = kssl.h; sourceTree = "<group>"; };
		23F6C1791990A8DF005D2ED7 /* lhash.h */ = {isa = PBXFileReference; fileEncoding = 4; lastKnownFileType = sourcecode.c.h; path = lhash.h; sourceTree = "<group>"; };
		23F6C17A1990A8DF005D2ED7 /* libcrypto.a */ = {isa = PBXFileReference; lastKnownFileType = archive.ar; path = libcrypto.a; sourceTree = "<group>"; };
		23F6C17B1990A8DF005D2ED7 /* libssl.a */ = {isa = PBXFileReference; lastKnownFileType = archive.ar; path = libssl.a; sourceTree = "<group>"; };
		23F6C17C1990A8DF005D2ED7 /* md4.h */ = {isa = PBXFileReference; fileEncoding = 4; lastKnownFileType = sourcecode.c.h; path = md4.h; sourceTree = "<group>"; };
		23F6C17D1990A8DF005D2ED7 /* md5.h */ = {isa = PBXFileReference; fileEncoding = 4; lastKnownFileType = sourcecode.c.h; path = md5.h; sourceTree = "<group>"; };
		23F6C17E1990A8DF005D2ED7 /* mdc2.h */ = {isa = PBXFileReference; fileEncoding = 4; lastKnownFileType = sourcecode.c.h; path = mdc2.h; sourceTree = "<group>"; };
		23F6C17F1990A8DF005D2ED7 /* modes.h */ = {isa = PBXFileReference; fileEncoding = 4; lastKnownFileType = sourcecode.c.h; path = modes.h; sourceTree = "<group>"; };
		23F6C1801990A8DF005D2ED7 /* obj_mac.h */ = {isa = PBXFileReference; fileEncoding = 4; lastKnownFileType = sourcecode.c.h; path = obj_mac.h; sourceTree = "<group>"; };
		23F6C1811990A8DF005D2ED7 /* objects.h */ = {isa = PBXFileReference; fileEncoding = 4; lastKnownFileType = sourcecode.c.h; path = objects.h; sourceTree = "<group>"; };
		23F6C1821990A8DF005D2ED7 /* ocsp.h */ = {isa = PBXFileReference; fileEncoding = 4; lastKnownFileType = sourcecode.c.h; path = ocsp.h; sourceTree = "<group>"; };
		23F6C1831990A8DF005D2ED7 /* opensslconf.h */ = {isa = PBXFileReference; fileEncoding = 4; lastKnownFileType = sourcecode.c.h; path = opensslconf.h; sourceTree = "<group>"; };
		23F6C1841990A8DF005D2ED7 /* opensslv.h */ = {isa = PBXFileReference; fileEncoding = 4; lastKnownFileType = sourcecode.c.h; path = opensslv.h; sourceTree = "<group>"; };
		23F6C1851990A8DF005D2ED7 /* ossl_typ.h */ = {isa = PBXFileReference; fileEncoding = 4; lastKnownFileType = sourcecode.c.h; path = ossl_typ.h; sourceTree = "<group>"; };
		23F6C1861990A8DF005D2ED7 /* pem.h */ = {isa = PBXFileReference; fileEncoding = 4; lastKnownFileType = sourcecode.c.h; path = pem.h; sourceTree = "<group>"; };
		23F6C1871990A8DF005D2ED7 /* pem2.h */ = {isa = PBXFileReference; fileEncoding = 4; lastKnownFileType = sourcecode.c.h; path = pem2.h; sourceTree = "<group>"; };
		23F6C1881990A8DF005D2ED7 /* pkcs12.h */ = {isa = PBXFileReference; fileEncoding = 4; lastKnownFileType = sourcecode.c.h; path = pkcs12.h; sourceTree = "<group>"; };
		23F6C1891990A8DF005D2ED7 /* pkcs7.h */ = {isa = PBXFileReference; fileEncoding = 4; lastKnownFileType = sourcecode.c.h; path = pkcs7.h; sourceTree = "<group>"; };
		23F6C18A1990A8DF005D2ED7 /* pqueue.h */ = {isa = PBXFileReference; fileEncoding = 4; lastKnownFileType = sourcecode.c.h; path = pqueue.h; sourceTree = "<group>"; };
		23F6C18B1990A8DF005D2ED7 /* rand.h */ = {isa = PBXFileReference; fileEncoding = 4; lastKnownFileType = sourcecode.c.h; path = rand.h; sourceTree = "<group>"; };
		23F6C18C1990A8DF005D2ED7 /* rc2.h */ = {isa = PBXFileReference; fileEncoding = 4; lastKnownFileType = sourcecode.c.h; path = rc2.h; sourceTree = "<group>"; };
		23F6C18D1990A8DF005D2ED7 /* rc4.h */ = {isa = PBXFileReference; fileEncoding = 4; lastKnownFileType = sourcecode.c.h; path = rc4.h; sourceTree = "<group>"; };
		23F6C18E1990A8DF005D2ED7 /* ripemd.h */ = {isa = PBXFileReference; fileEncoding = 4; lastKnownFileType = sourcecode.c.h; path = ripemd.h; sourceTree = "<group>"; };
		23F6C18F1990A8DF005D2ED7 /* rsa.h */ = {isa = PBXFileReference; fileEncoding = 4; lastKnownFileType = sourcecode.c.h; path = rsa.h; sourceTree = "<group>"; };
		23F6C1901990A8DF005D2ED7 /* safestack.h */ = {isa = PBXFileReference; fileEncoding = 4; lastKnownFileType = sourcecode.c.h; path = safestack.h; sourceTree = "<group>"; };
		23F6C1911990A8DF005D2ED7 /* seed.h */ = {isa = PBXFileReference; fileEncoding = 4; lastKnownFileType = sourcecode.c.h; path = seed.h; sourceTree = "<group>"; };
		23F6C1921990A8DF005D2ED7 /* sha.h */ = {isa = PBXFileReference; fileEncoding = 4; lastKnownFileType = sourcecode.c.h; path = sha.h; sourceTree = "<group>"; };
		23F6C1931990A8DF005D2ED7 /* srp.h */ = {isa = PBXFileReference; fileEncoding = 4; lastKnownFileType = sourcecode.c.h; path = srp.h; sourceTree = "<group>"; };
		23F6C1941990A8DF005D2ED7 /* srtp.h */ = {isa = PBXFileReference; fileEncoding = 4; lastKnownFileType = sourcecode.c.h; path = srtp.h; sourceTree = "<group>"; };
		23F6C1951990A8DF005D2ED7 /* ssl.h */ = {isa = PBXFileReference; fileEncoding = 4; lastKnownFileType = sourcecode.c.h; path = ssl.h; sourceTree = "<group>"; };
		23F6C1961990A8DF005D2ED7 /* ssl2.h */ = {isa = PBXFileReference; fileEncoding = 4; lastKnownFileType = sourcecode.c.h; path = ssl2.h; sourceTree = "<group>"; };
		23F6C1971990A8E0005D2ED7 /* ssl23.h */ = {isa = PBXFileReference; fileEncoding = 4; lastKnownFileType = sourcecode.c.h; path = ssl23.h; sourceTree = "<group>"; };
		23F6C1981990A8E0005D2ED7 /* ssl3.h */ = {isa = PBXFileReference; fileEncoding = 4; lastKnownFileType = sourcecode.c.h; path = ssl3.h; sourceTree = "<group>"; };
		23F6C1991990A8E0005D2ED7 /* stack.h */ = {isa = PBXFileReference; fileEncoding = 4; lastKnownFileType = sourcecode.c.h; path = stack.h; sourceTree = "<group>"; };
		23F6C19A1990A8E0005D2ED7 /* symhacks.h */ = {isa = PBXFileReference; fileEncoding = 4; lastKnownFileType = sourcecode.c.h; path = symhacks.h; sourceTree = "<group>"; };
		23F6C19B1990A8E0005D2ED7 /* tls1.h */ = {isa = PBXFileReference; fileEncoding = 4; lastKnownFileType = sourcecode.c.h; path = tls1.h; sourceTree = "<group>"; };
		23F6C19C1990A8E0005D2ED7 /* ts.h */ = {isa = PBXFileReference; fileEncoding = 4; lastKnownFileType = sourcecode.c.h; path = ts.h; sourceTree = "<group>"; };
		23F6C19D1990A8E0005D2ED7 /* txt_db.h */ = {isa = PBXFileReference; fileEncoding = 4; lastKnownFileType = sourcecode.c.h; path = txt_db.h; sourceTree = "<group>"; };
		23F6C19E1990A8E0005D2ED7 /* ui.h */ = {isa = PBXFileReference; fileEncoding = 4; lastKnownFileType = sourcecode.c.h; path = ui.h; sourceTree = "<group>"; };
		23F6C19F1990A8E0005D2ED7 /* ui_compat.h */ = {isa = PBXFileReference; fileEncoding = 4; lastKnownFileType = sourcecode.c.h; path = ui_compat.h; sourceTree = "<group>"; };
		23F6C1A01990A8E0005D2ED7 /* whrlpool.h */ = {isa = PBXFileReference; fileEncoding = 4; lastKnownFileType = sourcecode.c.h; path = whrlpool.h; sourceTree = "<group>"; };
		23F6C1A11990A8E0005D2ED7 /* x509.h */ = {isa = PBXFileReference; fileEncoding = 4; lastKnownFileType = sourcecode.c.h; path = x509.h; sourceTree = "<group>"; };
		23F6C1A21990A8E0005D2ED7 /* x509_vfy.h */ = {isa = PBXFileReference; fileEncoding = 4; lastKnownFileType = sourcecode.c.h; path = x509_vfy.h; sourceTree = "<group>"; };
		23F6C1A31990A8E0005D2ED7 /* x509v3.h */ = {isa = PBXFileReference; fileEncoding = 4; lastKnownFileType = sourcecode.c.h; path = x509v3.h; sourceTree = "<group>"; };
		23F6C1DB1990AC3E005D2ED7 /* ABConfig.h */ = {isa = PBXFileReference; fileEncoding = 4; lastKnownFileType = sourcecode.c.h; path = ABConfig.h; sourceTree = "<group>"; };
		8D5CFBFC87D94D85A7209A57 /* Pods.xcconfig */ = {isa = PBXFileReference; includeInIndex = 1; lastKnownFileType = text.xcconfig; name = Pods.xcconfig; path = Pods/Pods.xcconfig; sourceTree = "<group>"; };
		B1913D25686C44FE914483C3 /* libPods.a */ = {isa = PBXFileReference; explicitFileType = archive.ar; includeInIndex = 0; path = libPods.a; sourceTree = BUILT_PRODUCTS_DIR; };
/* End PBXFileReference section */

/* Begin PBXFrameworksBuildPhase section */
		23F6C0D319909596005D2ED7 /* Frameworks */ = {
			isa = PBXFrameworksBuildPhase;
			buildActionMask = 2147483647;
			files = (
				23A44CF319A1A05B00EC8301 /* libsqlite3.dylib in Frameworks */,
				23C4BC54199DB23F006E796C /* QuartzCore.framework in Frameworks */,
				23F6C1A51990A8E0005D2ED7 /* libssl.a in Frameworks */,
				23F6C0DE19909596005D2ED7 /* UIKit.framework in Frameworks */,
				23F6C0DA19909596005D2ED7 /* Foundation.framework in Frameworks */,
				23F6C1A41990A8E0005D2ED7 /* libcrypto.a in Frameworks */,
				EA9353CCE6D74E15BC8AE20F /* libPods.a in Frameworks */,
			);
			runOnlyForDeploymentPostprocessing = 0;
		};
/* End PBXFrameworksBuildPhase section */

/* Begin PBXGroup section */
		0A31925619B968D200DDA368 /* Cells */ = {
			isa = PBXGroup;
			children = (
				0A00C76E19D462BD00801B4D /* ABInputCell.h */,
				0A00C76F19D462BD00801B4D /* ABInputCell.m */,
				0A0238E319EC37D10090A5E4 /* ABStaticCell.h */,
				0A0238E419EC37D10090A5E4 /* ABStaticCell.m */,
				0A2865D019B8E7B800F20312 /* ABInfoInputCell.h */,
				0A2865D119B8E7B800F20312 /* ABInfoInputCell.m */,
				0A2865D319B8E7CA00F20312 /* ABInfoStaticCell.h */,
				0A2865D419B8E7CA00F20312 /* ABInfoStaticCell.m */,
				23CB415919A1EF2A0024120D /* ABContactCell.h */,
				23CB415A19A1EF2A0024120D /* ABContactCell.m */,
				0A0E024019ED781A0020AA0D /* ABMessageCell.h */,
				0A0E024119ED781A0020AA0D /* ABMessageCell.m */,
			);
			name = Cells;
			sourceTree = "<group>";
		};
		0A6E54FD199F4A65004BD577 /* Signin */ = {
			isa = PBXGroup;
			children = (
				23C4BC77199DD1C8006E796C /* ABSigninViewController.h */,
				23C4BC78199DD1C8006E796C /* ABSigninViewController.m */,
			);
			name = Signin;
			sourceTree = "<group>";
		};
		0A6E5510199F7B30004BD577 /* Main */ = {
			isa = PBXGroup;
			children = (
				0A205D0F19C3DA3600ED4EED /* ABMainViewController.h */,
				0A205D1019C3DA3600ED4EED /* ABMainViewController.m */,
				0A0209FA19ED86B40075AA69 /* ABSessionManager.h */,
				0A0209FB19ED86B40075AA69 /* ABSessionManager.m */,
			);
			name = Main;
			sourceTree = "<group>";
		};
		0A6E5511199F7B36004BD577 /* Chats */ = {
			isa = PBXGroup;
			children = (
				0A6E5504199F7A6A004BD577 /* ABChatsViewController.h */,
				0A6E5505199F7A6A004BD577 /* ABChatsViewController.m */,
				0ABA274819D938FA00559160 /* ABSessionViewController.h */,
				0ABA274919D938FA00559160 /* ABSessionViewController.m */,
			);
			name = Chats;
			sourceTree = "<group>";
		};
		0A6E5512199F7B3C004BD577 /* Friends */ = {
			isa = PBXGroup;
			children = (
				0A6E5507199F7A85004BD577 /* ABFriendsViewController.h */,
				0A6E5508199F7A85004BD577 /* ABFriendsViewController.m */,
				0A2865CD19B8E1BD00F20312 /* ABContactInfoViewController.h */,
				0A2865CE19B8E1BD00F20312 /* ABContactInfoViewController.m */,
				0A9594E019A6316F007297B0 /* ABAddContactViewController.h */,
				0A9594E119A6316F007297B0 /* ABAddContactViewController.m */,
			);
			name = Friends;
			sourceTree = "<group>";
		};
		0A6E5514199F7B47004BD577 /* More */ = {
			isa = PBXGroup;
			children = (
				0A6E550D199F7A9F004BD577 /* ABMoreViewController.h */,
				0A6E550E199F7A9F004BD577 /* ABMoreViewController.m */,
				0A2865D919B8F13200F20312 /* ABUserInfoViewController.h */,
				0A2865DA19B8F13200F20312 /* ABUserInfoViewController.m */,
				0A0E023A19ED54EF0020AA0D /* ABUserStatusViewController.h */,
				0A0E023B19ED54EF0020AA0D /* ABUserStatusViewController.m */,
				0A0E023D19ED5BE60020AA0D /* ABAboutViewController.h */,
				0A0E023E19ED5BE60020AA0D /* ABAboutViewController.m */,
			);
			name = More;
			sourceTree = "<group>";
		};
		0A78E5DD19CD256B004A7D6C /* Common */ = {
			isa = PBXGroup;
			children = (
				0A78E5FE19CD2625004A7D6C /* ABCommon.h */,
				0A78E5FC19CD25E0004A7D6C /* TableViewController */,
				0A78E5F919CD258A004A7D6C /* Extensions */,
				0A78E5FD19CD25F0004A7D6C /* AlertView */,
				0A78E5FB19CD25B1004A7D6C /* TableView */,
				0A78E5FA19CD259C004A7D6C /* TextField */,
			);
			path = Common;
			sourceTree = "<group>";
		};
		0A78E5F919CD258A004A7D6C /* Extensions */ = {
			isa = PBXGroup;
			children = (
				0A78E5DE19CD256B004A7D6C /* MBProgressHUDExtentions.h */,
				0A78E5DF19CD256B004A7D6C /* MBProgressHUDExtentions.m */,
			);
			name = Extensions;
			sourceTree = "<group>";
		};
		0A78E5FA19CD259C004A7D6C /* TextField */ = {
			isa = PBXGroup;
			children = (
				0A78E5EA19CD256B004A7D6C /* TKTextField.h */,
				0A78E5EB19CD256B004A7D6C /* TKTextField.m */,
			);
			name = TextField;
			sourceTree = "<group>";
		};
		0A78E5FB19CD25B1004A7D6C /* TableView */ = {
			isa = PBXGroup;
			children = (
				0A78E5E619CD256B004A7D6C /* TKTableView.h */,
				0A78E5E719CD256B004A7D6C /* TKTableView.m */,
				0A78E5E419CD256B004A7D6C /* TKRefreshControl.h */,
				0A78E5E519CD256B004A7D6C /* TKRefreshControl.m */,
				0A78E5EE19CD256C004A7D6C /* UITableViewExtentions.h */,
				0A78E5EF19CD256C004A7D6C /* UITableViewExtentions.m */,
			);
			name = TableView;
			sourceTree = "<group>";
		};
		0A78E5FC19CD25E0004A7D6C /* TableViewController */ = {
			isa = PBXGroup;
			children = (
				0A78E5E819CD256B004A7D6C /* TKTableViewController.h */,
				0A78E5E919CD256B004A7D6C /* TKTableViewController.m */,
				0A78E5EC19CD256C004A7D6C /* TKViewController.h */,
				0A78E5ED19CD256C004A7D6C /* TKViewController.m */,
				0A78E5E219CD256B004A7D6C /* TKNavigationView.h */,
				0A78E5E319CD256B004A7D6C /* TKNavigationView.m */,
			);
			name = TableViewController;
			sourceTree = "<group>";
		};
		0A78E5FD19CD25F0004A7D6C /* AlertView */ = {
			isa = PBXGroup;
			children = (
				0A78E5E019CD256B004A7D6C /* TKAlertView.h */,
				0A78E5E119CD256B004A7D6C /* TKAlertView.m */,
			);
			name = AlertView;
			sourceTree = "<group>";
		};
		23C4BC5E199DD17E006E796C /* Resources */ = {
			isa = PBXGroup;
			children = (
				23C4BC85199DD227006E796C /* Images.xcassets */,
				23C4BC5F199DD17E006E796C /* Images */,
			);
			path = Resources;
			sourceTree = "<group>";
		};
		23C4BC5F199DD17E006E796C /* Images */ = {
			isa = PBXGroup;
			children = (
				23C4BCD0199DFAD1006E796C /* misc */,
				23C4BCCA199DF57E006E796C /* badge */,
				23C4BCC9199DF528006E796C /* inputbar */,
				23C4BCB7199DEFE7006E796C /* tabbar */,
				23C4BCB8199DEFFC006E796C /* navbar */,
			);
			path = Images;
			sourceTree = "<group>";
		};
		23C4BC72199DD1C8006E796C /* Sections */ = {
			isa = PBXGroup;
			children = (
				0A6E54FD199F4A65004BD577 /* Signin */,
				0A6E5510199F7B30004BD577 /* Main */,
				0A6E5511199F7B36004BD577 /* Chats */,
				0A6E5512199F7B3C004BD577 /* Friends */,
				0A6E5514199F7B47004BD577 /* More */,
				0A31925619B968D200DDA368 /* Cells */,
			);
			path = Sections;
			sourceTree = "<group>";
		};
		23C4BC7C199DD1EF006E796C /* App */ = {
			isa = PBXGroup;
			children = (
				23C4BC7F199DD1EF006E796C /* Info.plist */,
				23C4BC80199DD1EF006E796C /* main.m */,
				23C4BC81199DD1EF006E796C /* Prefix.pch */,
				23C4BC7D199DD1EF006E796C /* AppDelegate.h */,
				23C4BC7E199DD1EF006E796C /* AppDelegate.m */,
			);
			path = App;
			sourceTree = "<group>";
		};
		23C4BCB7199DEFE7006E796C /* tabbar */ = {
			isa = PBXGroup;
			children = (
				23C4BC91199DE668006E796C /* tab_icon_chats.png */,
				23C4BC92199DE668006E796C /* tab_icon_chats@2x.png */,
				23C4BC95199DE668006E796C /* tab_icon_friends.png */,
				23C4BC96199DE668006E796C /* tab_icon_friends@2x.png */,
				23C4BC99199DE669006E796C /* tab_icon_more.png */,
				23C4BC9A199DE669006E796C /* tab_icon_more@2x.png */,
				23C4BC9F199DE669006E796C /* tabbar_bg.png */,
				23C4BCA0199DE669006E796C /* tabbar_bg@2x.png */,
			);
			name = tabbar;
			sourceTree = "<group>";
		};
		23C4BCB8199DEFFC006E796C /* navbar */ = {
			isa = PBXGroup;
			children = (
				23C4BC8B199DDEDD006E796C /* navbar_bg.png */,
				23C4BC8C199DDEDD006E796C /* navbar_bg@2x.png */,
				23C4BC60199DD17E006E796C /* btn_back.png */,
				23C4BC61199DD17E006E796C /* btn_back@2x.png */,
			);
			name = navbar;
			sourceTree = "<group>";
		};
		23C4BCC9199DF528006E796C /* inputbar */ = {
			isa = PBXGroup;
			children = (
				23C4BCC5199DF523006E796C /* inputbar_bg.png */,
				23C4BCC6199DF523006E796C /* inputbar_bg@2x.png */,
				23C4BCCC199DFA48006E796C /* inputbar_field.png */,
				23C4BCCD199DFA48006E796C /* inputbar_field@2x.png */,
			);
			name = inputbar;
			sourceTree = "<group>";
		};
		23C4BCCA199DF57E006E796C /* badge */ = {
			isa = PBXGroup;
			children = (
				23C4BCB9199DF314006E796C /* badge_indicator.png */,
				23C4BCBA199DF314006E796C /* badge_indicator@2x.png */,
				23C4BCBD199DF4A1006E796C /* badge_number.png */,
				23C4BCBE199DF4A1006E796C /* badge_number@2x.png */,
			);
			name = badge;
			sourceTree = "<group>";
		};
		23C4BCD0199DFAD1006E796C /* misc */ = {
			isa = PBXGroup;
			children = (
				23C4BCB3199DE871006E796C /* default_avatar.png */,
				23C4BCB4199DE871006E796C /* default_avatar@2x.png */,
				23C4BCC1199DF4EE006E796C /* btn_brown.png */,
				23C4BCC2199DF4EE006E796C /* btn_brown@2x.png */,
			);
			name = misc;
			sourceTree = "<group>";
		};
		23F6C0CD19909596005D2ED7 = {
			isa = PBXGroup;
			children = (
				23F6C0DF19909596005D2ED7 /* AbberDemo */,
				23F6C0D819909596005D2ED7 /* Frameworks */,
				23F6C0D719909596005D2ED7 /* Products */,
				8D5CFBFC87D94D85A7209A57 /* Pods.xcconfig */,
			);
			sourceTree = "<group>";
		};
		23F6C0D719909596005D2ED7 /* Products */ = {
			isa = PBXGroup;
			children = (
				23F6C0D619909596005D2ED7 /* AbberDemo.app */,
			);
			name = Products;
			sourceTree = "<group>";
		};
		23F6C0D819909596005D2ED7 /* Frameworks */ = {
			isa = PBXGroup;
			children = (
				23A44CF219A1A05B00EC8301 /* libsqlite3.dylib */,
				23C4BC55199DB2B8006E796C /* CoreGraphics.framework */,
				23C4BC53199DB23F006E796C /* QuartzCore.framework */,
				23F6C0D919909596005D2ED7 /* Foundation.framework */,
				23F6C0DD19909596005D2ED7 /* UIKit.framework */,
				B1913D25686C44FE914483C3 /* libPods.a */,
			);
			name = Frameworks;
			sourceTree = "<group>";
		};
		23F6C0DF19909596005D2ED7 /* AbberDemo */ = {
			isa = PBXGroup;
			children = (
				23C4BC7C199DD1EF006E796C /* App */,
				23C4BC72199DD1C8006E796C /* Sections */,
				0A78E5DD19CD256B004A7D6C /* Common */,
				23F6C1551990A8DF005D2ED7 /* Vendors */,
				23C4BC5E199DD17E006E796C /* Resources */,
			);
			path = AbberDemo;
			sourceTree = "<group>";
		};
		23F6C1551990A8DF005D2ED7 /* Vendors */ = {
			isa = PBXGroup;
			children = (
				23F6C1DA1990AC3E005D2ED7 /* abber */,
				23F6C1A61990A993005D2ED7 /* strophe */,
				23F6C1561990A8DF005D2ED7 /* openssl */,
			);
			path = Vendors;
			sourceTree = "<group>";
		};
		23F6C1561990A8DF005D2ED7 /* openssl */ = {
			isa = PBXGroup;
			children = (
				23F6C17A1990A8DF005D2ED7 /* libcrypto.a */,
				23F6C17B1990A8DF005D2ED7 /* libssl.a */,
				23F6C1571990A8DF005D2ED7 /* aes.h */,
				23F6C1581990A8DF005D2ED7 /* asn1.h */,
				23F6C1591990A8DF005D2ED7 /* asn1_mac.h */,
				23F6C15A1990A8DF005D2ED7 /* asn1t.h */,
				23F6C15B1990A8DF005D2ED7 /* bio.h */,
				23F6C15C1990A8DF005D2ED7 /* blowfish.h */,
				23F6C15D1990A8DF005D2ED7 /* bn.h */,
				23F6C15E1990A8DF005D2ED7 /* buffer.h */,
				23F6C15F1990A8DF005D2ED7 /* camellia.h */,
				23F6C1601990A8DF005D2ED7 /* cast.h */,
				23F6C1611990A8DF005D2ED7 /* cmac.h */,
				23F6C1621990A8DF005D2ED7 /* cms.h */,
				23F6C1631990A8DF005D2ED7 /* comp.h */,
				23F6C1641990A8DF005D2ED7 /* conf.h */,
				23F6C1651990A8DF005D2ED7 /* conf_api.h */,
				23F6C1661990A8DF005D2ED7 /* crypto.h */,
				23F6C1671990A8DF005D2ED7 /* des.h */,
				23F6C1681990A8DF005D2ED7 /* des_old.h */,
				23F6C1691990A8DF005D2ED7 /* dh.h */,
				23F6C16A1990A8DF005D2ED7 /* dsa.h */,
				23F6C16B1990A8DF005D2ED7 /* dso.h */,
				23F6C16C1990A8DF005D2ED7 /* dtls1.h */,
				23F6C16D1990A8DF005D2ED7 /* e_os2.h */,
				23F6C16E1990A8DF005D2ED7 /* ebcdic.h */,
				23F6C16F1990A8DF005D2ED7 /* ec.h */,
				23F6C1701990A8DF005D2ED7 /* ecdh.h */,
				23F6C1711990A8DF005D2ED7 /* ecdsa.h */,
				23F6C1721990A8DF005D2ED7 /* engine.h */,
				23F6C1731990A8DF005D2ED7 /* err.h */,
				23F6C1741990A8DF005D2ED7 /* evp.h */,
				23F6C1751990A8DF005D2ED7 /* hmac.h */,
				23F6C1761990A8DF005D2ED7 /* idea.h */,
				23F6C1771990A8DF005D2ED7 /* krb5_asn.h */,
				23F6C1781990A8DF005D2ED7 /* kssl.h */,
				23F6C1791990A8DF005D2ED7 /* lhash.h */,
				23F6C17C1990A8DF005D2ED7 /* md4.h */,
				23F6C17D1990A8DF005D2ED7 /* md5.h */,
				23F6C17E1990A8DF005D2ED7 /* mdc2.h */,
				23F6C17F1990A8DF005D2ED7 /* modes.h */,
				23F6C1801990A8DF005D2ED7 /* obj_mac.h */,
				23F6C1811990A8DF005D2ED7 /* objects.h */,
				23F6C1821990A8DF005D2ED7 /* ocsp.h */,
				23F6C1831990A8DF005D2ED7 /* opensslconf.h */,
				23F6C1841990A8DF005D2ED7 /* opensslv.h */,
				23F6C1851990A8DF005D2ED7 /* ossl_typ.h */,
				23F6C1861990A8DF005D2ED7 /* pem.h */,
				23F6C1871990A8DF005D2ED7 /* pem2.h */,
				23F6C1881990A8DF005D2ED7 /* pkcs12.h */,
				23F6C1891990A8DF005D2ED7 /* pkcs7.h */,
				23F6C18A1990A8DF005D2ED7 /* pqueue.h */,
				23F6C18B1990A8DF005D2ED7 /* rand.h */,
				23F6C18C1990A8DF005D2ED7 /* rc2.h */,
				23F6C18D1990A8DF005D2ED7 /* rc4.h */,
				23F6C18E1990A8DF005D2ED7 /* ripemd.h */,
				23F6C18F1990A8DF005D2ED7 /* rsa.h */,
				23F6C1901990A8DF005D2ED7 /* safestack.h */,
				23F6C1911990A8DF005D2ED7 /* seed.h */,
				23F6C1921990A8DF005D2ED7 /* sha.h */,
				23F6C1931990A8DF005D2ED7 /* srp.h */,
				23F6C1941990A8DF005D2ED7 /* srtp.h */,
				23F6C1951990A8DF005D2ED7 /* ssl.h */,
				23F6C1961990A8DF005D2ED7 /* ssl2.h */,
				23F6C1971990A8E0005D2ED7 /* ssl23.h */,
				23F6C1981990A8E0005D2ED7 /* ssl3.h */,
				23F6C1991990A8E0005D2ED7 /* stack.h */,
				23F6C19A1990A8E0005D2ED7 /* symhacks.h */,
				23F6C19B1990A8E0005D2ED7 /* tls1.h */,
				23F6C19C1990A8E0005D2ED7 /* ts.h */,
				23F6C19D1990A8E0005D2ED7 /* txt_db.h */,
				23F6C19E1990A8E0005D2ED7 /* ui.h */,
				23F6C19F1990A8E0005D2ED7 /* ui_compat.h */,
				23F6C1A01990A8E0005D2ED7 /* whrlpool.h */,
				23F6C1A11990A8E0005D2ED7 /* x509.h */,
				23F6C1A21990A8E0005D2ED7 /* x509_vfy.h */,
				23F6C1A31990A8E0005D2ED7 /* x509v3.h */,
			);
			path = openssl;
			sourceTree = "<group>";
		};
		23F6C1A61990A993005D2ED7 /* strophe */ = {
			isa = PBXGroup;
			children = (
				0A4F717C19D86FAA0041E959 /* strophe.h */,
				0A4F716419D86FAA0041E959 /* auth.c */,
				0A4F716519D86FAA0041E959 /* common.h */,
				0A4F716619D86FAA0041E959 /* conn.c */,
				0A4F716719D86FAA0041E959 /* ctx.c */,
				0A4F716819D86FAA0041E959 /* event.c */,
				0A4F716919D86FAA0041E959 /* handler.c */,
				0A4F716A19D86FAA0041E959 /* hash.c */,
				0A4F716B19D86FAA0041E959 /* hash.h */,
				0A4F716C19D86FAA0041E959 /* jid.c */,
				0A4F716D19D86FAA0041E959 /* md5.c */,
				0A4F716E19D86FAA0041E959 /* md5.h */,
				0A4F716F19D86FAA0041E959 /* ostypes.h */,
				0A4F717019D86FAA0041E959 /* parser.c */,
				0A4F717119D86FAA0041E959 /* parser.h */,
				0A4F717219D86FAA0041E959 /* sasl.c */,
				0A4F717319D86FAA0041E959 /* sasl.h */,
				0A4F717419D86FAA0041E959 /* scram.c */,
				0A4F717519D86FAA0041E959 /* scram.h */,
				0A4F717619D86FAA0041E959 /* sha1.c */,
				0A4F717719D86FAA0041E959 /* sha1.h */,
				0A4F717819D86FAA0041E959 /* snprintf.c */,
				0A4F717919D86FAA0041E959 /* sock.c */,
				0A4F717A19D86FAA0041E959 /* sock.h */,
				0A4F717B19D86FAA0041E959 /* stanza.c */,
				0A4F717D19D86FAA0041E959 /* thread.c */,
				0A4F717E19D86FAA0041E959 /* thread.h */,
				0A4F717F19D86FAA0041E959 /* tls.c */,
				0A4F718019D86FAA0041E959 /* tls.h */,
				0A4F718119D86FAA0041E959 /* util.c */,
				0A4F718219D86FAA0041E959 /* util.h */,
			);
			path = strophe;
			sourceTree = "<group>";
		};
		23F6C1DA1990AC3E005D2ED7 /* abber */ = {
			isa = PBXGroup;
			children = (
				23C547381994BFF300B4C0F7 /* abber.h */,
				23F6C1DB1990AC3E005D2ED7 /* ABConfig.h */,
				0A5BAE6E1991382E001EF07E /* ABEngine.h */,
				0A5BAE6F1991382E001EF07E /* ABEngine.m */,
				23C5473B1994C0E900B4C0F7 /* ABEngineConnection.h */,
				23C5473C1994C0E900B4C0F7 /* ABEngineConnection.m */,
				0A23529F19B72030003BA4A6 /* ABEngineRoster.h */,
				0A2352A019B72030003BA4A6 /* ABEngineRoster.m */,
				0A2865CA19B880F400F20312 /* ABEnginePresence.h */,
				0A2865CB19B880F400F20312 /* ABEnginePresence.m */,
				0A205D2B19C482D600ED4EED /* ABEngineVcard.h */,
				0A205D2C19C482D600ED4EED /* ABEngineVcard.m */,
				0A0FF7B619C560A7000EFC44 /* ABEngineMessage.h */,
				0A0FF7B719C560A7000EFC44 /* ABEngineMessage.m */,
				0A205D2819C3F37D00ED4EED /* ABEngineStorage.h */,
				0A205D2919C3F37D00ED4EED /* ABEngineStorage.m */,
				23C547261994B4B300B4C0F7 /* ABCommon.h */,
				23C547271994B4B300B4C0F7 /* ABCommon.m */,
				0A57476619D2E2A30000AFDF /* ABContact.h */,
				0A57476719D2E2A30000AFDF /* ABContact.m */,
				0A49C91F19D58AB300B8CBA5 /* ABMessage.h */,
				0A49C92019D58AB300B8CBA5 /* ABMessage.m */,
			);
			path = abber;
			sourceTree = "<group>";
		};
/* End PBXGroup section */

/* Begin PBXNativeTarget section */
		23F6C0D519909596005D2ED7 /* AbberDemo */ = {
			isa = PBXNativeTarget;
			buildConfigurationList = 23F6C10219909597005D2ED7 /* Build configuration list for PBXNativeTarget "AbberDemo" */;
			buildPhases = (
				481D72FB0E03444AB9965706 /* Check Pods Manifest.lock */,
				23F6C0D219909596005D2ED7 /* Sources */,
				23F6C0D319909596005D2ED7 /* Frameworks */,
				23F6C0D419909596005D2ED7 /* Resources */,
				0B8BCE9376FC475D8D47382D /* Copy Pods Resources */,
			);
			buildRules = (
			);
			dependencies = (
			);
			name = AbberDemo;
			productName = AbberDemo;
			productReference = 23F6C0D619909596005D2ED7 /* AbberDemo.app */;
			productType = "com.apple.product-type.application";
		};
/* End PBXNativeTarget section */

/* Begin PBXProject section */
		23F6C0CE19909596005D2ED7 /* Project object */ = {
			isa = PBXProject;
			attributes = {
				LastUpgradeCheck = 0510;
				ORGANIZATIONNAME = Tapmob;
			};
			buildConfigurationList = 23F6C0D119909596005D2ED7 /* Build configuration list for PBXProject "AbberDemo" */;
			compatibilityVersion = "Xcode 3.2";
			developmentRegion = English;
			hasScannedForEncodings = 0;
			knownRegions = (
				en,
			);
			mainGroup = 23F6C0CD19909596005D2ED7;
			productRefGroup = 23F6C0D719909596005D2ED7 /* Products */;
			projectDirPath = "";
			projectRoot = "";
			targets = (
				23F6C0D519909596005D2ED7 /* AbberDemo */,
			);
		};
/* End PBXProject section */

/* Begin PBXResourcesBuildPhase section */
		23F6C0D419909596005D2ED7 /* Resources */ = {
			isa = PBXResourcesBuildPhase;
			buildActionMask = 2147483647;
			files = (
				23C4BC8E199DDEDD006E796C /* navbar_bg@2x.png in Resources */,
				23C4BC65199DD17E006E796C /* btn_back@2x.png in Resources */,
				23C4BCA4199DE669006E796C /* tab_icon_chats@2x.png in Resources */,
				23C4BCCF199DFA48006E796C /* inputbar_field@2x.png in Resources */,
				23C4BCB5199DE871006E796C /* default_avatar.png in Resources */,
				23C4BCC4199DF4EE006E796C /* btn_brown@2x.png in Resources */,
				23C4BCB6199DE871006E796C /* default_avatar@2x.png in Resources */,
				23C4BC86199DD227006E796C /* Images.xcassets in Resources */,
				23C4BCC8199DF523006E796C /* inputbar_bg@2x.png in Resources */,
				23C4BCAB199DE669006E796C /* tab_icon_more.png in Resources */,
				23C4BCB2199DE669006E796C /* tabbar_bg@2x.png in Resources */,
				23C4BCCE199DFA48006E796C /* inputbar_field.png in Resources */,
				23C4BCA3199DE669006E796C /* tab_icon_chats.png in Resources */,
				23C4BCBB199DF314006E796C /* badge_indicator.png in Resources */,
				23C4BCC3199DF4EE006E796C /* btn_brown.png in Resources */,
				23C4BCC7199DF523006E796C /* inputbar_bg.png in Resources */,
				23C4BCAC199DE669006E796C /* tab_icon_more@2x.png in Resources */,
				23C4BCB1199DE669006E796C /* tabbar_bg.png in Resources */,
				23C4BC8D199DDEDD006E796C /* navbar_bg.png in Resources */,
				23C4BC64199DD17E006E796C /* btn_back.png in Resources */,
				23C4BCBF199DF4A1006E796C /* badge_number.png in Resources */,
				23C4BCBC199DF314006E796C /* badge_indicator@2x.png in Resources */,
				23C4BCA7199DE669006E796C /* tab_icon_friends.png in Resources */,
				23C4BCA8199DE669006E796C /* tab_icon_friends@2x.png in Resources */,
				23C4BCC0199DF4A1006E796C /* badge_number@2x.png in Resources */,
			);
			runOnlyForDeploymentPostprocessing = 0;
		};
/* End PBXResourcesBuildPhase section */

/* Begin PBXShellScriptBuildPhase section */
		0B8BCE9376FC475D8D47382D /* Copy Pods Resources */ = {
			isa = PBXShellScriptBuildPhase;
			buildActionMask = 2147483647;
			files = (
			);
			inputPaths = (
			);
			name = "Copy Pods Resources";
			outputPaths = (
			);
			runOnlyForDeploymentPostprocessing = 0;
			shellPath = /bin/sh;
			shellScript = "\"${SRCROOT}/Pods/Pods-resources.sh\"\n";
			showEnvVarsInLog = 0;
		};
		481D72FB0E03444AB9965706 /* Check Pods Manifest.lock */ = {
			isa = PBXShellScriptBuildPhase;
			buildActionMask = 2147483647;
			files = (
			);
			inputPaths = (
			);
			name = "Check Pods Manifest.lock";
			outputPaths = (
			);
			runOnlyForDeploymentPostprocessing = 0;
			shellPath = /bin/sh;
			shellScript = "diff \"${PODS_ROOT}/../Podfile.lock\" \"${PODS_ROOT}/Manifest.lock\" > /dev/null\nif [[ $? != 0 ]] ; then\n    cat << EOM\nerror: The sandbox is not in sync with the Podfile.lock. Run 'pod install' or update your CocoaPods installation.\nEOM\n    exit 1\nfi\n";
			showEnvVarsInLog = 0;
		};
/* End PBXShellScriptBuildPhase section */

/* Begin PBXSourcesBuildPhase section */
		23F6C0D219909596005D2ED7 /* Sources */ = {
			isa = PBXSourcesBuildPhase;
			buildActionMask = 2147483647;
			files = (
				23C4BC82199DD1EF006E796C /* AppDelegate.m in Sources */,
				0A6E5509199F7A85004BD577 /* ABFriendsViewController.m in Sources */,
				0A0E024219ED781A0020AA0D /* ABMessageCell.m in Sources */,
				0A57476819D2E2A30000AFDF /* ABContact.m in Sources */,
				0A4F719319D86FAA0041E959 /* tls.c in Sources */,
				23C5473D1994C0E900B4C0F7 /* ABEngineConnection.m in Sources */,
				0A205D2A19C3F37D00ED4EED /* ABEngineStorage.m in Sources */,
				0A205D1219C3DA3600ED4EED /* ABMainViewController.m in Sources */,
				0A4F718D19D86FAA0041E959 /* scram.c in Sources */,
				0A5BAE701991382E001EF07E /* ABEngine.m in Sources */,
				23C4BC84199DD1EF006E796C /* main.m in Sources */,
				0A9594E219A6316F007297B0 /* ABAddContactViewController.m in Sources */,
				0A4F718519D86FAA0041E959 /* ctx.c in Sources */,
				23C547281994B4B300B4C0F7 /* ABCommon.m in Sources */,
				0A0E023F19ED5BE60020AA0D /* ABAboutViewController.m in Sources */,
				0A78E5F619CD256C004A7D6C /* TKTextField.m in Sources */,
				0A4F718C19D86FAA0041E959 /* sasl.c in Sources */,
				0A49C92119D58AB300B8CBA5 /* ABMessage.m in Sources */,
				0A4F718819D86FAA0041E959 /* hash.c in Sources */,
				23C4BC7B199DD1C8006E796C /* ABSigninViewController.m in Sources */,
				0A0238E519EC37D10090A5E4 /* ABStaticCell.m in Sources */,
				0ABA274B19D938FA00559160 /* ABSessionViewController.m in Sources */,
				0A4F718719D86FAA0041E959 /* handler.c in Sources */,
				0A4F719219D86FAA0041E959 /* thread.c in Sources */,
				0A0E023C19ED54EF0020AA0D /* ABUserStatusViewController.m in Sources */,
				0A2865CF19B8E1BD00F20312 /* ABContactInfoViewController.m in Sources */,
				0A2865DB19B8F13200F20312 /* ABUserInfoViewController.m in Sources */,
				0A78E5F119CD256C004A7D6C /* TKAlertView.m in Sources */,
				0A4F718F19D86FAA0041E959 /* snprintf.c in Sources */,
				0A0209FC19ED86B40075AA69 /* ABSessionManager.m in Sources */,
				0A205D2D19C482D600ED4EED /* ABEngineVcard.m in Sources */,
				0A78E5F419CD256C004A7D6C /* TKTableView.m in Sources */,
				0A4F718919D86FAA0041E959 /* jid.c in Sources */,
				0A00C77019D462BD00801B4D /* ABInputCell.m in Sources */,
				0A78E5F819CD256C004A7D6C /* UITableViewExtentions.m in Sources */,
				0A4F718419D86FAA0041E959 /* conn.c in Sources */,
				0A2865CC19B880F400F20312 /* ABEnginePresence.m in Sources */,
				0A78E5F219CD256C004A7D6C /* TKNavigationView.m in Sources */,
				0A0FF7B819C560A7000EFC44 /* ABEngineMessage.m in Sources */,
				0A4F718E19D86FAA0041E959 /* sha1.c in Sources */,
				0A4F718B19D86FAA0041E959 /* parser.c in Sources */,
				0A4F719419D86FAA0041E959 /* util.c in Sources */,
				0A4F718619D86FAA0041E959 /* event.c in Sources */,
				0A2352A119B72030003BA4A6 /* ABEngineRoster.m in Sources */,
				0A78E5F019CD256C004A7D6C /* MBProgressHUDExtentions.m in Sources */,
				0A4F719019D86FAA0041E959 /* sock.c in Sources */,
				0A4F718319D86FAA0041E959 /* auth.c in Sources */,
				0A78E5F719CD256C004A7D6C /* TKViewController.m in Sources */,
				0A6E550F199F7A9F004BD577 /* ABMoreViewController.m in Sources */,
				0A6E5506199F7A6A004BD577 /* ABChatsViewController.m in Sources */,
				23CB415B19A1EF2A0024120D /* ABContactCell.m in Sources */,
				0A4F719119D86FAA0041E959 /* stanza.c in Sources */,
				0A78E5F519CD256C004A7D6C /* TKTableViewController.m in Sources */,
				0A2865D219B8E7B800F20312 /* ABInfoInputCell.m in Sources */,
				0A2865D519B8E7CA00F20312 /* ABInfoStaticCell.m in Sources */,
				0A78E5F319CD256C004A7D6C /* TKRefreshControl.m in Sources */,
				0A4F718A19D86FAA0041E959 /* md5.c in Sources */,
			);
			runOnlyForDeploymentPostprocessing = 0;
		};
/* End PBXSourcesBuildPhase section */

/* Begin XCBuildConfiguration section */
		23F6C10019909597005D2ED7 /* Debug */ = {
			isa = XCBuildConfiguration;
			buildSettings = {
				ALWAYS_SEARCH_USER_PATHS = NO;
				CLANG_CXX_LANGUAGE_STANDARD = "gnu++0x";
				CLANG_CXX_LIBRARY = "libc++";
				CLANG_ENABLE_MODULES = YES;
				CLANG_ENABLE_OBJC_ARC = YES;
				CLANG_WARN_BOOL_CONVERSION = YES;
				CLANG_WARN_CONSTANT_CONVERSION = YES;
				CLANG_WARN_DIRECT_OBJC_ISA_USAGE = YES_ERROR;
				CLANG_WARN_EMPTY_BODY = YES;
				CLANG_WARN_ENUM_CONVERSION = YES;
				CLANG_WARN_INT_CONVERSION = YES;
				CLANG_WARN_OBJC_ROOT_CLASS = YES_ERROR;
				CLANG_WARN__DUPLICATE_METHOD_MATCH = YES;
				"CODE_SIGN_IDENTITY[sdk=iphoneos*]" = "iPhone Developer";
				COPY_PHASE_STRIP = NO;
				GCC_C_LANGUAGE_STANDARD = gnu99;
				GCC_DYNAMIC_NO_PIC = NO;
				GCC_OPTIMIZATION_LEVEL = 0;
				GCC_PREPROCESSOR_DEFINITIONS = (
					"DEBUG=1",
					"$(inherited)",
				);
				GCC_SYMBOLS_PRIVATE_EXTERN = NO;
				GCC_WARN_64_TO_32_BIT_CONVERSION = YES;
				GCC_WARN_ABOUT_RETURN_TYPE = YES_ERROR;
				GCC_WARN_UNDECLARED_SELECTOR = YES;
				GCC_WARN_UNINITIALIZED_AUTOS = YES_AGGRESSIVE;
				GCC_WARN_UNUSED_FUNCTION = YES;
				GCC_WARN_UNUSED_VARIABLE = YES;
				IPHONEOS_DEPLOYMENT_TARGET = 7.1;
				ONLY_ACTIVE_ARCH = YES;
				SDKROOT = iphoneos;
			};
			name = Debug;
		};
		23F6C10119909597005D2ED7 /* Release */ = {
			isa = XCBuildConfiguration;
			buildSettings = {
				ALWAYS_SEARCH_USER_PATHS = NO;
				CLANG_CXX_LANGUAGE_STANDARD = "gnu++0x";
				CLANG_CXX_LIBRARY = "libc++";
				CLANG_ENABLE_MODULES = YES;
				CLANG_ENABLE_OBJC_ARC = YES;
				CLANG_WARN_BOOL_CONVERSION = YES;
				CLANG_WARN_CONSTANT_CONVERSION = YES;
				CLANG_WARN_DIRECT_OBJC_ISA_USAGE = YES_ERROR;
				CLANG_WARN_EMPTY_BODY = YES;
				CLANG_WARN_ENUM_CONVERSION = YES;
				CLANG_WARN_INT_CONVERSION = YES;
				CLANG_WARN_OBJC_ROOT_CLASS = YES_ERROR;
				CLANG_WARN__DUPLICATE_METHOD_MATCH = YES;
				"CODE_SIGN_IDENTITY[sdk=iphoneos*]" = "iPhone Developer";
				COPY_PHASE_STRIP = YES;
				ENABLE_NS_ASSERTIONS = NO;
				GCC_C_LANGUAGE_STANDARD = gnu99;
				GCC_WARN_64_TO_32_BIT_CONVERSION = YES;
				GCC_WARN_ABOUT_RETURN_TYPE = YES_ERROR;
				GCC_WARN_UNDECLARED_SELECTOR = YES;
				GCC_WARN_UNINITIALIZED_AUTOS = YES_AGGRESSIVE;
				GCC_WARN_UNUSED_FUNCTION = YES;
				GCC_WARN_UNUSED_VARIABLE = YES;
				IPHONEOS_DEPLOYMENT_TARGET = 7.1;
				SDKROOT = iphoneos;
				VALIDATE_PRODUCT = YES;
			};
			name = Release;
		};
		23F6C10319909597005D2ED7 /* Debug */ = {
			isa = XCBuildConfiguration;
			baseConfigurationReference = 8D5CFBFC87D94D85A7209A57 /* Pods.xcconfig */;
			buildSettings = {
				ASSETCATALOG_COMPILER_APPICON_NAME = AppIcon;
				ASSETCATALOG_COMPILER_LAUNCHIMAGE_NAME = LaunchImage;
				GCC_PRECOMPILE_PREFIX_HEADER = YES;
				GCC_PREFIX_HEADER = AbberDemo/App/Prefix.pch;
				HEADER_SEARCH_PATHS = (
					"$(inherited)",
					$SRCROOT/$PRODUCT_NAME/Vendors,
					/usr/include/libxml2,
				);
				INFOPLIST_FILE = AbberDemo/App/Info.plist;
				IPHONEOS_DEPLOYMENT_TARGET = 7.0;
				LIBRARY_SEARCH_PATHS = (
					"$(inherited)",
					$SRCROOT/$PRODUCT_NAME/Vendors/openssl,
				);
				OTHER_LDFLAGS = (
					"-ObjC",
					"-lxml2",
					"-lresolv",
				);
				PRODUCT_NAME = "$(TARGET_NAME)";
				USER_HEADER_SEARCH_PATHS = $SRCROOT/$PRODUCT_NAME;
				WRAPPER_EXTENSION = app;
			};
			name = Debug;
		};
		23F6C10419909597005D2ED7 /* Release */ = {
			isa = XCBuildConfiguration;
			baseConfigurationReference = 8D5CFBFC87D94D85A7209A57 /* Pods.xcconfig */;
			buildSettings = {
				ASSETCATALOG_COMPILER_APPICON_NAME = AppIcon;
				ASSETCATALOG_COMPILER_LAUNCHIMAGE_NAME = LaunchImage;
				GCC_PRECOMPILE_PREFIX_HEADER = YES;
				GCC_PREFIX_HEADER = AbberDemo/App/Prefix.pch;
				HEADER_SEARCH_PATHS = (
					"$(inherited)",
					$SRCROOT/$PRODUCT_NAME/Vendors,
					/usr/include/libxml2,
				);
				INFOPLIST_FILE = AbberDemo/App/Info.plist;
				IPHONEOS_DEPLOYMENT_TARGET = 7.0;
				LIBRARY_SEARCH_PATHS = (
					"$(inherited)",
					$SRCROOT/$PRODUCT_NAME/Vendors/openssl,
				);
				OTHER_LDFLAGS = (
					"-ObjC",
					"-lxml2",
					"-lresolv",
				);
				PRODUCT_NAME = "$(TARGET_NAME)";
				USER_HEADER_SEARCH_PATHS = $SRCROOT/$PRODUCT_NAME;
				WRAPPER_EXTENSION = app;
			};
			name = Release;
		};
/* End XCBuildConfiguration section */

/* Begin XCConfigurationList section */
		23F6C0D119909596005D2ED7 /* Build configuration list for PBXProject "AbberDemo" */ = {
			isa = XCConfigurationList;
			buildConfigurations = (
				23F6C10019909597005D2ED7 /* Debug */,
				23F6C10119909597005D2ED7 /* Release */,
			);
			defaultConfigurationIsVisible = 0;
			defaultConfigurationName = Release;
		};
		23F6C10219909597005D2ED7 /* Build configuration list for PBXNativeTarget "AbberDemo" */ = {
			isa = XCConfigurationList;
			buildConfigurations = (
				23F6C10319909597005D2ED7 /* Debug */,
				23F6C10419909597005D2ED7 /* Release */,
			);
			defaultConfigurationIsVisible = 0;
			defaultConfigurationName = Release;
		};
/* End XCConfigurationList section */
	};
	rootObject = 23F6C0CE19909596005D2ED7 /* Project object */;
}
