// !$*UTF8*$!
{
	archiveVersion = 1;
	classes = {
	};
	objectVersion = 46;
	objects = {

/* Begin PBXBuildFile section */
		0AB36947198FBFC900D2006F /* Foundation.framework in Frameworks */ = {isa = PBXBuildFile; fileRef = 0AB36946198FBFC900D2006F /* Foundation.framework */; };
		0AB3694B198FBFC900D2006F /* UIKit.framework in Frameworks */ = {isa = PBXBuildFile; fileRef = 0AB3694A198FBFC900D2006F /* UIKit.framework */; };
		0AB36953198FBFC900D2006F /* main.m in Sources */ = {isa = PBXBuildFile; fileRef = 0AB36952198FBFC900D2006F /* main.m */; };
		0AB36957198FBFC900D2006F /* AppDelegate.m in Sources */ = {isa = PBXBuildFile; fileRef = 0AB36956198FBFC900D2006F /* AppDelegate.m */; };
		0AB36959198FBFC900D2006F /* Images.xcassets in Resources */ = {isa = PBXBuildFile; fileRef = 0AB36958198FBFC900D2006F /* Images.xcassets */; };
		0AB36976198FC24A00D2006F /* libabber.a in Frameworks */ = {isa = PBXBuildFile; fileRef = 0AB36975198FC24A00D2006F /* libabber.a */; };
/* End PBXBuildFile section */

/* Begin PBXFileReference section */
		0AB36943198FBFC900D2006F /* AbberDemo.app */ = {isa = PBXFileReference; explicitFileType = wrapper.application; includeInIndex = 0; path = AbberDemo.app; sourceTree = BUILT_PRODUCTS_DIR; };
		0AB36946198FBFC900D2006F /* Foundation.framework */ = {isa = PBXFileReference; lastKnownFileType = wrapper.framework; name = Foundation.framework; path = System/Library/Frameworks/Foundation.framework; sourceTree = SDKROOT; };
		0AB3694A198FBFC900D2006F /* UIKit.framework */ = {isa = PBXFileReference; lastKnownFileType = wrapper.framework; name = UIKit.framework; path = System/Library/Frameworks/UIKit.framework; sourceTree = SDKROOT; };
		0AB3694E198FBFC900D2006F /* Info.plist */ = {isa = PBXFileReference; lastKnownFileType = text.plist.xml; path = Info.plist; sourceTree = "<group>"; };
		0AB36952198FBFC900D2006F /* main.m */ = {isa = PBXFileReference; lastKnownFileType = sourcecode.c.objc; path = main.m; sourceTree = "<group>"; };
		0AB36954198FBFC900D2006F /* Prefix.pch */ = {isa = PBXFileReference; lastKnownFileType = sourcecode.c.h; path = Prefix.pch; sourceTree = "<group>"; };
		0AB36955198FBFC900D2006F /* AppDelegate.h */ = {isa = PBXFileReference; lastKnownFileType = sourcecode.c.h; path = AppDelegate.h; sourceTree = "<group>"; };
		0AB36956198FBFC900D2006F /* AppDelegate.m */ = {isa = PBXFileReference; lastKnownFileType = sourcecode.c.objc; path = AppDelegate.m; sourceTree = "<group>"; };
		0AB36958198FBFC900D2006F /* Images.xcassets */ = {isa = PBXFileReference; lastKnownFileType = folder.assetcatalog; path = Images.xcassets; sourceTree = "<group>"; };
		0AB36975198FC24A00D2006F /* libabber.a */ = {isa = PBXFileReference; lastKnownFileType = archive.ar; name = libabber.a; path = "AbberSource/build/Debug-iphoneos/libabber.a"; sourceTree = "<group>"; };
/* End PBXFileReference section */

/* Begin PBXFrameworksBuildPhase section */
		0AB36940198FBFC900D2006F /* Frameworks */ = {
			isa = PBXFrameworksBuildPhase;
			buildActionMask = 2147483647;
			files = (
				0AB36976198FC24A00D2006F /* libabber.a in Frameworks */,
				0AB3694B198FBFC900D2006F /* UIKit.framework in Frameworks */,
				0AB36947198FBFC900D2006F /* Foundation.framework in Frameworks */,
			);
			runOnlyForDeploymentPostprocessing = 0;
		};
/* End PBXFrameworksBuildPhase section */

/* Begin PBXGroup section */
		0AB3693A198FBFC900D2006F = {
			isa = PBXGroup;
			children = (
				0AB3694C198FBFC900D2006F /* AbberDemo */,
				0AB36945198FBFC900D2006F /* Frameworks */,
				0AB36944198FBFC900D2006F /* Products */,
			);
			sourceTree = "<group>";
		};
		0AB36944198FBFC900D2006F /* Products */ = {
			isa = PBXGroup;
			children = (
				0AB36943198FBFC900D2006F /* AbberDemo.app */,
			);
			name = Products;
			sourceTree = "<group>";
		};
		0AB36945198FBFC900D2006F /* Frameworks */ = {
			isa = PBXGroup;
			children = (
				0AB36975198FC24A00D2006F /* libabber.a */,
				0AB36946198FBFC900D2006F /* Foundation.framework */,
				0AB3694A198FBFC900D2006F /* UIKit.framework */,
			);
			name = Frameworks;
			sourceTree = "<group>";
		};
		0AB3694C198FBFC900D2006F /* AbberDemo */ = {
			isa = PBXGroup;
			children = (
				0AB3694E198FBFC900D2006F /* Info.plist */,
				0AB36952198FBFC900D2006F /* main.m */,
				0AB36954198FBFC900D2006F /* Prefix.pch */,
				0AB36955198FBFC900D2006F /* AppDelegate.h */,
				0AB36956198FBFC900D2006F /* AppDelegate.m */,
				0AB36958198FBFC900D2006F /* Images.xcassets */,
			);
			path = AbberDemo;
			sourceTree = "<group>";
		};
/* End PBXGroup section */

/* Begin PBXNativeTarget section */
		0AB36942198FBFC900D2006F /* AbberDemo */ = {
			isa = PBXNativeTarget;
			buildConfigurationList = 0AB3696F198FBFC900D2006F /* Build configuration list for PBXNativeTarget "AbberDemo" */;
			buildPhases = (
				0AB3693F198FBFC900D2006F /* Sources */,
				0AB36940198FBFC900D2006F /* Frameworks */,
				0AB36941198FBFC900D2006F /* Resources */,
			);
			buildRules = (
			);
			dependencies = (
			);
			name = AbberDemo;
			productName = AbberDemo;
			productReference = 0AB36943198FBFC900D2006F /* AbberDemo.app */;
			productType = "com.apple.product-type.application";
		};
/* End PBXNativeTarget section */

/* Begin PBXProject section */
		0AB3693B198FBFC900D2006F /* Project object */ = {
			isa = PBXProject;
			attributes = {
				LastUpgradeCheck = 0510;
				ORGANIZATIONNAME = Tapmob;
			};
			buildConfigurationList = 0AB3693E198FBFC900D2006F /* Build configuration list for PBXProject "AbberDemo" */;
			compatibilityVersion = "Xcode 3.2";
			developmentRegion = English;
			hasScannedForEncodings = 0;
			knownRegions = (
				en,
			);
			mainGroup = 0AB3693A198FBFC900D2006F;
			productRefGroup = 0AB36944198FBFC900D2006F /* Products */;
			projectDirPath = "";
			projectRoot = "";
			targets = (
				0AB36942198FBFC900D2006F /* AbberDemo */,
			);
		};
/* End PBXProject section */

/* Begin PBXResourcesBuildPhase section */
		0AB36941198FBFC900D2006F /* Resources */ = {
			isa = PBXResourcesBuildPhase;
			buildActionMask = 2147483647;
			files = (
				0AB36959198FBFC900D2006F /* Images.xcassets in Resources */,
			);
			runOnlyForDeploymentPostprocessing = 0;
		};
/* End PBXResourcesBuildPhase section */

/* Begin PBXSourcesBuildPhase section */
		0AB3693F198FBFC900D2006F /* Sources */ = {
			isa = PBXSourcesBuildPhase;
			buildActionMask = 2147483647;
			files = (
				0AB36957198FBFC900D2006F /* AppDelegate.m in Sources */,
				0AB36953198FBFC900D2006F /* main.m in Sources */,
			);
			runOnlyForDeploymentPostprocessing = 0;
		};
/* End PBXSourcesBuildPhase section */

/* Begin XCBuildConfiguration section */
		0AB3696D198FBFC900D2006F /* Debug */ = {
			isa = XCBuildConfiguration;
			buildSettings = {
				ALWAYS_SEARCH_USER_PATHS = NO;
				CLANG_CXX_LANGUAGE_STANDARD = "gnu++0x";
				CLANG_CXX_LIBRARY = "libc++";
				CLANG_ENABLE_MODULES = YES;
				CLANG_ENABLE_OBJC_ARC = YES;
				CLANG_WARN_BOOL_CONVERSION = YES;
				CLANG_WARN_CONSTANT_CONVERSION = YES;
				CLANG_WARN_DIRECT_OBJC_ISA_USAGE = YES_ERROR;
				CLANG_WARN_EMPTY_BODY = YES;
				CLANG_WARN_ENUM_CONVERSION = YES;
				CLANG_WARN_INT_CONVERSION = YES;
				CLANG_WARN_OBJC_ROOT_CLASS = YES_ERROR;
				CLANG_WARN__DUPLICATE_METHOD_MATCH = YES;
				"CODE_SIGN_IDENTITY[sdk=iphoneos*]" = "iPhone Developer";
				COPY_PHASE_STRIP = NO;
				GCC_C_LANGUAGE_STANDARD = gnu99;
				GCC_DYNAMIC_NO_PIC = NO;
				GCC_OPTIMIZATION_LEVEL = 0;
				GCC_PREPROCESSOR_DEFINITIONS = (
					"DEBUG=1",
					"$(inherited)",
				);
				GCC_SYMBOLS_PRIVATE_EXTERN = NO;
				GCC_WARN_64_TO_32_BIT_CONVERSION = YES;
				GCC_WARN_ABOUT_RETURN_TYPE = YES_ERROR;
				GCC_WARN_UNDECLARED_SELECTOR = YES;
				GCC_WARN_UNINITIALIZED_AUTOS = YES_AGGRESSIVE;
				GCC_WARN_UNUSED_FUNCTION = YES;
				GCC_WARN_UNUSED_VARIABLE = YES;
				IPHONEOS_DEPLOYMENT_TARGET = 7.1;
				ONLY_ACTIVE_ARCH = YES;
				SDKROOT = iphoneos;
			};
			name = Debug;
		};
		0AB3696E198FBFC900D2006F /* Release */ = {
			isa = XCBuildConfiguration;
			buildSettings = {
				ALWAYS_SEARCH_USER_PATHS = NO;
				CLANG_CXX_LANGUAGE_STANDARD = "gnu++0x";
				CLANG_CXX_LIBRARY = "libc++";
				CLANG_ENABLE_MODULES = YES;
				CLANG_ENABLE_OBJC_ARC = YES;
				CLANG_WARN_BOOL_CONVERSION = YES;
				CLANG_WARN_CONSTANT_CONVERSION = YES;
				CLANG_WARN_DIRECT_OBJC_ISA_USAGE = YES_ERROR;
				CLANG_WARN_EMPTY_BODY = YES;
				CLANG_WARN_ENUM_CONVERSION = YES;
				CLANG_WARN_INT_CONVERSION = YES;
				CLANG_WARN_OBJC_ROOT_CLASS = YES_ERROR;
				CLANG_WARN__DUPLICATE_METHOD_MATCH = YES;
				"CODE_SIGN_IDENTITY[sdk=iphoneos*]" = "iPhone Developer";
				COPY_PHASE_STRIP = YES;
				ENABLE_NS_ASSERTIONS = NO;
				GCC_C_LANGUAGE_STANDARD = gnu99;
				GCC_WARN_64_TO_32_BIT_CONVERSION = YES;
				GCC_WARN_ABOUT_RETURN_TYPE = YES_ERROR;
				GCC_WARN_UNDECLARED_SELECTOR = YES;
				GCC_WARN_UNINITIALIZED_AUTOS = YES_AGGRESSIVE;
				GCC_WARN_UNUSED_FUNCTION = YES;
				GCC_WARN_UNUSED_VARIABLE = YES;
				IPHONEOS_DEPLOYMENT_TARGET = 7.1;
				SDKROOT = iphoneos;
				VALIDATE_PRODUCT = YES;
			};
			name = Release;
		};
		0AB36970198FBFC900D2006F /* Debug */ = {
			isa = XCBuildConfiguration;
			buildSettings = {
				ASSETCATALOG_COMPILER_APPICON_NAME = AppIcon;
				ASSETCATALOG_COMPILER_LAUNCHIMAGE_NAME = LaunchImage;
				GCC_PRECOMPILE_PREFIX_HEADER = YES;
				GCC_PREFIX_HEADER = AbberDemo/Prefix.pch;
				HEADER_SEARCH_PATHS = $SRCROOT/AbberSource/;
				INFOPLIST_FILE = AbberDemo/Info.plist;
				IPHONEOS_DEPLOYMENT_TARGET = 6.0;
				LIBRARY_SEARCH_PATHS = (
					"$(inherited)",
					"$(PROJECT_DIR)/AbberSource/build/Debug-iphoneos",
				);
				PRODUCT_NAME = "$(TARGET_NAME)";
				WRAPPER_EXTENSION = app;
			};
			name = Debug;
		};
		0AB36971198FBFC900D2006F /* Release */ = {
			isa = XCBuildConfiguration;
			buildSettings = {
				ASSETCATALOG_COMPILER_APPICON_NAME = AppIcon;
				ASSETCATALOG_COMPILER_LAUNCHIMAGE_NAME = LaunchImage;
				GCC_PRECOMPILE_PREFIX_HEADER = YES;
				GCC_PREFIX_HEADER = AbberDemo/Prefix.pch;
				HEADER_SEARCH_PATHS = $SRCROOT/AbberSource/;
				INFOPLIST_FILE = AbberDemo/Info.plist;
				IPHONEOS_DEPLOYMENT_TARGET = 6.0;
				LIBRARY_SEARCH_PATHS = (
					"$(inherited)",
					"$(PROJECT_DIR)/AbberSource/build/Debug-iphoneos",
				);
				PRODUCT_NAME = "$(TARGET_NAME)";
				WRAPPER_EXTENSION = app;
			};
			name = Release;
		};
/* End XCBuildConfiguration section */

/* Begin XCConfigurationList section */
		0AB3693E198FBFC900D2006F /* Build configuration list for PBXProject "AbberDemo" */ = {
			isa = XCConfigurationList;
			buildConfigurations = (
				0AB3696D198FBFC900D2006F /* Debug */,
				0AB3696E198FBFC900D2006F /* Release */,
			);
			defaultConfigurationIsVisible = 0;
			defaultConfigurationName = Release;
		};
		0AB3696F198FBFC900D2006F /* Build configuration list for PBXNativeTarget "AbberDemo" */ = {
			isa = XCConfigurationList;
			buildConfigurations = (
				0AB36970198FBFC900D2006F /* Debug */,
				0AB36971198FBFC900D2006F /* Release */,
			);
			defaultConfigurationIsVisible = 0;
			defaultConfigurationName = Release;
		};
/* End XCConfigurationList section */
	};
	rootObject = 0AB3693B198FBFC900D2006F /* Project object */;
}
